{
  "pins" : [
    {
      "identity" : "apollo-ios",
      "kind" : "remoteSourceControl",
      "location" : "https://github.com/apollographql/apollo-ios.git",
      "state" : {
        "revision" : "f095ec250d699aa183dd1e89bcee3189abe99412",
        "version" : "0.9.5"
      }
    }
  ],
  "version" : 2
}
