// !$*UTF8*$!
{
	archiveVersion = 1;
	classes = {
	};
	objectVersion = 52;
	objects = {

/* Begin PBXBuildFile section */
		419A1309040F7FA7D834953B /* Pods_Decafit_DecafitUITests.framework in Frameworks */ = {isa = PBXBuildFile; fileRef = F5A45F2515A01D1403BDB39F /* Pods_Decafit_DecafitUITests.framework */; };
		840ABECD6FA397DC0E32DC90 /* Pods_DecafitTests.framework in Frameworks */ = {isa = PBXBuildFile; fileRef = 0834CB1C9C2E67D6107EFC02 /* Pods_DecafitTests.framework */; };
		B40AFAE02887974200249820 /* Poppins-ExtraLight.ttf in Resources */ = {isa = PBXBuildFile; fileRef = B40AFACD2887974200249820 /* Poppins-ExtraLight.ttf */; };
		B40AFAE12887974200249820 /* Poppins-ThinItalic.ttf in Resources */ = {isa = PBXBuildFile; fileRef = B40AFACE2887974200249820 /* Poppins-ThinItalic.ttf */; };
		B40AFAE22887974200249820 /* Poppins-ExtraLightItalic.ttf in Resources */ = {isa = PBXBuildFile; fileRef = B40AFACF2887974200249820 /* Poppins-ExtraLightItalic.ttf */; };
		B40AFAE32887974200249820 /* Poppins-BoldItalic.ttf in Resources */ = {isa = PBXBuildFile; fileRef = B40AFAD02887974200249820 /* Poppins-BoldItalic.ttf */; };
		B40AFAE42887974200249820 /* Poppins-Light.ttf in Resources */ = {isa = PBXBuildFile; fileRef = B40AFAD12887974200249820 /* Poppins-Light.ttf */; };
		B40AFAE52887974200249820 /* Poppins-Medium.ttf in Resources */ = {isa = PBXBuildFile; fileRef = B40AFAD22887974200249820 /* Poppins-Medium.ttf */; };
		B40AFAE62887974200249820 /* Poppins-SemiBoldItalic.ttf in Resources */ = {isa = PBXBuildFile; fileRef = B40AFAD32887974200249820 /* Poppins-SemiBoldItalic.ttf */; };
		B40AFAE72887974200249820 /* Poppins-ExtraBoldItalic.ttf in Resources */ = {isa = PBXBuildFile; fileRef = B40AFAD42887974200249820 /* Poppins-ExtraBoldItalic.ttf */; };
		B40AFAE82887974200249820 /* Poppins-ExtraBold.ttf in Resources */ = {isa = PBXBuildFile; fileRef = B40AFAD52887974200249820 /* Poppins-ExtraBold.ttf */; };
		B40AFAE92887974200249820 /* Poppins-BlackItalic.ttf in Resources */ = {isa = PBXBuildFile; fileRef = B40AFAD62887974200249820 /* Poppins-BlackItalic.ttf */; };
		B40AFAEA2887974200249820 /* OFL.txt in Resources */ = {isa = PBXBuildFile; fileRef = B40AFAD72887974200249820 /* OFL.txt */; };
		B40AFAEB2887974200249820 /* Poppins-Regular.ttf in Resources */ = {isa = PBXBuildFile; fileRef = B40AFAD82887974200249820 /* Poppins-Regular.ttf */; };
		B40AFAEC2887974200249820 /* Poppins-LightItalic.ttf in Resources */ = {isa = PBXBuildFile; fileRef = B40AFAD92887974200249820 /* Poppins-LightItalic.ttf */; };
		B40AFAED2887974200249820 /* Poppins-Bold.ttf in Resources */ = {isa = PBXBuildFile; fileRef = B40AFADA2887974200249820 /* Poppins-Bold.ttf */; };
		B40AFAEE2887974200249820 /* Poppins-Black.ttf in Resources */ = {isa = PBXBuildFile; fileRef = B40AFADB2887974200249820 /* Poppins-Black.ttf */; };
		B40AFAEF2887974200249820 /* Poppins-Thin.ttf in Resources */ = {isa = PBXBuildFile; fileRef = B40AFADC2887974200249820 /* Poppins-Thin.ttf */; };
		B40AFAF02887974200249820 /* Poppins-SemiBold.ttf in Resources */ = {isa = PBXBuildFile; fileRef = B40AFADD2887974200249820 /* Poppins-SemiBold.ttf */; };
		B40AFAF12887974200249820 /* Poppins-Italic.ttf in Resources */ = {isa = PBXBuildFile; fileRef = B40AFADE2887974200249820 /* Poppins-Italic.ttf */; };
		B40AFAF22887974200249820 /* Poppins-MediumItalic.ttf in Resources */ = {isa = PBXBuildFile; fileRef = B40AFADF2887974200249820 /* Poppins-MediumItalic.ttf */; };
		B40AFB152887983C00249820 /* Ubuntu-Medium.ttf in Resources */ = {isa = PBXBuildFile; fileRef = B40AFB0C2887983C00249820 /* Ubuntu-Medium.ttf */; };
		B40AFB162887983C00249820 /* Ubuntu-LightItalic.ttf in Resources */ = {isa = PBXBuildFile; fileRef = B40AFB0D2887983C00249820 /* Ubuntu-LightItalic.ttf */; };
		B40AFB172887983C00249820 /* Ubuntu-Regular.ttf in Resources */ = {isa = PBXBuildFile; fileRef = B40AFB0E2887983C00249820 /* Ubuntu-Regular.ttf */; };
		B40AFB182887983C00249820 /* Ubuntu-Bold.ttf in Resources */ = {isa = PBXBuildFile; fileRef = B40AFB0F2887983C00249820 /* Ubuntu-Bold.ttf */; };
		B40AFB192887983C00249820 /* Ubuntu-MediumItalic.ttf in Resources */ = {isa = PBXBuildFile; fileRef = B40AFB102887983C00249820 /* Ubuntu-MediumItalic.ttf */; };
		B40AFB1A2887983C00249820 /* Ubuntu-BoldItalic.ttf in Resources */ = {isa = PBXBuildFile; fileRef = B40AFB112887983C00249820 /* Ubuntu-BoldItalic.ttf */; };
		B40AFB1B2887983C00249820 /* Ubuntu-Italic.ttf in Resources */ = {isa = PBXBuildFile; fileRef = B40AFB122887983C00249820 /* Ubuntu-Italic.ttf */; };
		B40AFB1C2887983C00249820 /* Ubuntu-Light.ttf in Resources */ = {isa = PBXBuildFile; fileRef = B40AFB132887983C00249820 /* Ubuntu-Light.ttf */; };
		B40AFB1D2887983C00249820 /* UFL.txt in Resources */ = {isa = PBXBuildFile; fileRef = B40AFB142887983C00249820 /* UFL.txt */; };
		B40AFB202887990000249820 /* CustomUIFont.swift in Sources */ = {isa = PBXBuildFile; fileRef = B40AFB1F2887990000249820 /* CustomUIFont.swift */; };
		B40AFB222887A2FA00249820 /* LoginViewController+Extension.swift in Sources */ = {isa = PBXBuildFile; fileRef = B40AFB212887A2FA00249820 /* LoginViewController+Extension.swift */; };
		B40AFB242887BD3600249820 /* CustomUIColor.swift in Sources */ = {isa = PBXBuildFile; fileRef = B40AFB232887BD3600249820 /* CustomUIColor.swift */; };
		B40AFB272888142100249820 /* SignupViewController.swift in Sources */ = {isa = PBXBuildFile; fileRef = B40AFB262888142100249820 /* SignupViewController.swift */; };
		B40AFB292888143C00249820 /* SignupViewController+Extension.swift in Sources */ = {isa = PBXBuildFile; fileRef = B40AFB282888143C00249820 /* SignupViewController+Extension.swift */; };
		B40AFB2B288861A300249820 /* Extensions.swift in Sources */ = {isa = PBXBuildFile; fileRef = B40AFB2A288861A300249820 /* Extensions.swift */; };
		B40AFB322889AB1C00249820 /* AudioToolbox.framework in Frameworks */ = {isa = PBXBuildFile; fileRef = B40AFB312889AB1C00249820 /* AudioToolbox.framework */; };
		B40AFB38288ACE1D00249820 /* DecaTextField.swift in Sources */ = {isa = PBXBuildFile; fileRef = B40AFB37288ACE1D00249820 /* DecaTextField.swift */; };
		B40AFB3A288ACE3F00249820 /* DecaButton.swift in Sources */ = {isa = PBXBuildFile; fileRef = B40AFB39288ACE3F00249820 /* DecaButton.swift */; };
		B431E91828A4FBFE009769CB /* Apollo in Frameworks */ = {isa = PBXBuildFile; productRef = B431E91728A4FBFE009769CB /* Apollo */; };
		B431E91A28A4FBFE009769CB /* ApolloSQLite in Frameworks */ = {isa = PBXBuildFile; productRef = B431E91928A4FBFE009769CB /* ApolloSQLite */; };
		B431E92228A4FE76009769CB /* API.swift in Sources */ = {isa = PBXBuildFile; fileRef = B431E92128A4FE76009769CB /* API.swift */; };
		B43631DC289D4BB30010976F /* ExerciseTimerViewController.swift in Sources */ = {isa = PBXBuildFile; fileRef = B43631DB289D4BB30010976F /* ExerciseTimerViewController.swift */; };
		B43631DE289D4D770010976F /* ExerciseTimerView.swift in Sources */ = {isa = PBXBuildFile; fileRef = B43631DD289D4D770010976F /* ExerciseTimerView.swift */; };
		B43631E0289D5AC80010976F /* StepsTakenView.swift in Sources */ = {isa = PBXBuildFile; fileRef = B43631DF289D5AC80010976F /* StepsTakenView.swift */; };
		B43631E2289DB8650010976F /* ProgressBar.swift in Sources */ = {isa = PBXBuildFile; fileRef = B43631E1289DB8650010976F /* ProgressBar.swift */; };
		B44B3C002897C7F0000C94D7 /* StartWorkoutViewController.swift in Sources */ = {isa = PBXBuildFile; fileRef = B44B3BFF2897C7F0000C94D7 /* StartWorkoutViewController.swift */; };
		B44B3C052897C8CB000C94D7 /* StartWorkoutCell.swift in Sources */ = {isa = PBXBuildFile; fileRef = B44B3C042897C8CB000C94D7 /* StartWorkoutCell.swift */; };
		B44B3C0728982687000C94D7 /* CustomNavbar.swift in Sources */ = {isa = PBXBuildFile; fileRef = B44B3C0628982687000C94D7 /* CustomNavbar.swift */; };
		B44B3C0F289A714A000C94D7 /* Constants.swift in Sources */ = {isa = PBXBuildFile; fileRef = B44B3C0E289A714A000C94D7 /* Constants.swift */; };
		B44B3C11289A7F57000C94D7 /* TextFields.swift in Sources */ = {isa = PBXBuildFile; fileRef = B44B3C10289A7F57000C94D7 /* TextFields.swift */; };
		B44B3C15289A879B000C94D7 /* Buttons.swift in Sources */ = {isa = PBXBuildFile; fileRef = B44B3C14289A879B000C94D7 /* Buttons.swift */; };
		B44B3C18289A893E000C94D7 /* Labels.swift in Sources */ = {isa = PBXBuildFile; fileRef = B44B3C17289A893E000C94D7 /* Labels.swift */; };
		B44B3C1B289A8ABE000C94D7 /* Images.swift in Sources */ = {isa = PBXBuildFile; fileRef = B44B3C1A289A8ABE000C94D7 /* Images.swift */; };
		B44B3C1D289A957D000C94D7 /* Alert.swift in Sources */ = {isa = PBXBuildFile; fileRef = B44B3C1C289A957D000C94D7 /* Alert.swift */; };
		B44B3C21289B0093000C94D7 /* FocusAreaModel.swift in Sources */ = {isa = PBXBuildFile; fileRef = B44B3C20289B0093000C94D7 /* FocusAreaModel.swift */; };
		B44B3C23289B0106000C94D7 /* TodaySessionModel.swift in Sources */ = {isa = PBXBuildFile; fileRef = B44B3C22289B0106000C94D7 /* TodaySessionModel.swift */; };
		B44B3C25289B032D000C94D7 /* StartWorkoutModel.swift in Sources */ = {isa = PBXBuildFile; fileRef = B44B3C24289B032D000C94D7 /* StartWorkoutModel.swift */; };
		B44B3C27289B064A000C94D7 /* DataManager.swift in Sources */ = {isa = PBXBuildFile; fileRef = B44B3C26289B064A000C94D7 /* DataManager.swift */; };
		B47B5B13287C147000EEC900 /* AppDelegate.swift in Sources */ = {isa = PBXBuildFile; fileRef = B47B5B12287C147000EEC900 /* AppDelegate.swift */; };
		B47B5B15287C147000EEC900 /* SceneDelegate.swift in Sources */ = {isa = PBXBuildFile; fileRef = B47B5B14287C147000EEC900 /* SceneDelegate.swift */; };
		B47B5B17287C147000EEC900 /* HomeViewController.swift in Sources */ = {isa = PBXBuildFile; fileRef = B47B5B16287C147000EEC900 /* HomeViewController.swift */; };
		B47B5B1F287C147300EEC900 /* LaunchScreen.storyboard in Resources */ = {isa = PBXBuildFile; fileRef = B47B5B1D287C147300EEC900 /* LaunchScreen.storyboard */; };
		B47B5B2A287C147300EEC900 /* DecafitTests.swift in Sources */ = {isa = PBXBuildFile; fileRef = B47B5B29287C147300EEC900 /* DecafitTests.swift */; };
		B47B5B35287C147300EEC900 /* DecafitUITests.swift in Sources */ = {isa = PBXBuildFile; fileRef = B47B5B34287C147300EEC900 /* DecafitUITests.swift */; };
		B48A59082886D583004D1BEA /* AuthManager.swift in Sources */ = {isa = PBXBuildFile; fileRef = B48A59072886D583004D1BEA /* AuthManager.swift */; };
		B48A590A2886D684004D1BEA /* LoginViewController.swift in Sources */ = {isa = PBXBuildFile; fileRef = B48A59092886D684004D1BEA /* LoginViewController.swift */; };
		B4AB95B5288E932F00FE9C96 /* DecaStack.swift in Sources */ = {isa = PBXBuildFile; fileRef = B4AB95B4288E932F00FE9C96 /* DecaStack.swift */; };
		B4AB95B7288E934E00FE9C96 /* DecaLabel.swift in Sources */ = {isa = PBXBuildFile; fileRef = B4AB95B6288E934E00FE9C96 /* DecaLabel.swift */; };
		B4AB95B9288EB0F600FE9C96 /* DecaImageView.swift in Sources */ = {isa = PBXBuildFile; fileRef = B4AB95B8288EB0F600FE9C96 /* DecaImageView.swift */; };
		B4AB95CC2891D20D00FE9C96 /* FocusAreaCollectionViewCell.swift in Sources */ = {isa = PBXBuildFile; fileRef = B4AB95CB2891D20D00FE9C96 /* FocusAreaCollectionViewCell.swift */; };
		B4AB95CF2891D3B000FE9C96 /* FocusAreaView.swift in Sources */ = {isa = PBXBuildFile; fileRef = B4AB95CE2891D3B000FE9C96 /* FocusAreaView.swift */; };
		B4B96E9F2892696200E22B33 /* TodaySessionView.swift in Sources */ = {isa = PBXBuildFile; fileRef = B4B96E9E2892696200E22B33 /* TodaySessionView.swift */; };
		B4B96EA12892697F00E22B33 /* TodayCollectionViewCell.swift in Sources */ = {isa = PBXBuildFile; fileRef = B4B96EA02892697F00E22B33 /* TodayCollectionViewCell.swift */; };
		B4B96EA728936A2800E22B33 /* FitConfigViewController.swift in Sources */ = {isa = PBXBuildFile; fileRef = B4B96EA628936A2800E22B33 /* FitConfigViewController.swift */; };
		B4B96EA92893CCA500E22B33 /* Assets.xcassets in Resources */ = {isa = PBXBuildFile; fileRef = B4B96EA82893CCA500E22B33 /* Assets.xcassets */; };
		B4E4C9C9289C4103008CD86D /* WorkoutPageTopview.swift in Sources */ = {isa = PBXBuildFile; fileRef = B4E4C9C8289C4103008CD86D /* WorkoutPageTopview.swift */; };
		B4E4C9CB289CA166008CD86D /* WorkoutModalView.swift in Sources */ = {isa = PBXBuildFile; fileRef = B4E4C9CA289CA166008CD86D /* WorkoutModalView.swift */; };
		E9EDA8C619805CC18DD608E6 /* Pods_Decafit.framework in Frameworks */ = {isa = PBXBuildFile; fileRef = 48853A80EF7AD9413CD9484E /* Pods_Decafit.framework */; };
/* End PBXBuildFile section */

/* Begin PBXContainerItemProxy section */
		B47B5B26287C147300EEC900 /* PBXContainerItemProxy */ = {
			isa = PBXContainerItemProxy;
			containerPortal = B47B5B07287C147000EEC900 /* Project object */;
			proxyType = 1;
			remoteGlobalIDString = B47B5B0E287C147000EEC900;
			remoteInfo = Decafit;
		};
		B47B5B31287C147300EEC900 /* PBXContainerItemProxy */ = {
			isa = PBXContainerItemProxy;
			containerPortal = B47B5B07287C147000EEC900 /* Project object */;
			proxyType = 1;
			remoteGlobalIDString = B47B5B0E287C147000EEC900;
			remoteInfo = Decafit;
		};
/* End PBXContainerItemProxy section */

/* Begin PBXFileReference section */
		082D8533D4AEC9F1714D2BD8 /* Pods-Decafit-DecafitUITests.release.xcconfig */ = {isa = PBXFileReference; includeInIndex = 1; lastKnownFileType = text.xcconfig; name = "Pods-Decafit-DecafitUITests.release.xcconfig"; path = "Target Support Files/Pods-Decafit-DecafitUITests/Pods-Decafit-DecafitUITests.release.xcconfig"; sourceTree = "<group>"; };
		0834CB1C9C2E67D6107EFC02 /* Pods_DecafitTests.framework */ = {isa = PBXFileReference; explicitFileType = wrapper.framework; includeInIndex = 0; path = Pods_DecafitTests.framework; sourceTree = BUILT_PRODUCTS_DIR; };
		383967186BA0F75FB298D45B /* Pods-Decafit.release.xcconfig */ = {isa = PBXFileReference; includeInIndex = 1; lastKnownFileType = text.xcconfig; name = "Pods-Decafit.release.xcconfig"; path = "Target Support Files/Pods-Decafit/Pods-Decafit.release.xcconfig"; sourceTree = "<group>"; };
		3E725D2D26D9A221628F8E76 /* Pods-Decafit.debug.xcconfig */ = {isa = PBXFileReference; includeInIndex = 1; lastKnownFileType = text.xcconfig; name = "Pods-Decafit.debug.xcconfig"; path = "Target Support Files/Pods-Decafit/Pods-Decafit.debug.xcconfig"; sourceTree = "<group>"; };
		48853A80EF7AD9413CD9484E /* Pods_Decafit.framework */ = {isa = PBXFileReference; explicitFileType = wrapper.framework; includeInIndex = 0; path = Pods_Decafit.framework; sourceTree = BUILT_PRODUCTS_DIR; };
		58EA5AC3021255C4F91480EA /* Pods-DecafitTests.debug.xcconfig */ = {isa = PBXFileReference; includeInIndex = 1; lastKnownFileType = text.xcconfig; name = "Pods-DecafitTests.debug.xcconfig"; path = "Target Support Files/Pods-DecafitTests/Pods-DecafitTests.debug.xcconfig"; sourceTree = "<group>"; };
		B009CDFF4FF56B73D8484BAE /* Pods-DecafitTests.release.xcconfig */ = {isa = PBXFileReference; includeInIndex = 1; lastKnownFileType = text.xcconfig; name = "Pods-DecafitTests.release.xcconfig"; path = "Target Support Files/Pods-DecafitTests/Pods-DecafitTests.release.xcconfig"; sourceTree = "<group>"; };
		B40AFACD2887974200249820 /* Poppins-ExtraLight.ttf */ = {isa = PBXFileReference; lastKnownFileType = file; path = "Poppins-ExtraLight.ttf"; sourceTree = "<group>"; };
		B40AFACE2887974200249820 /* Poppins-ThinItalic.ttf */ = {isa = PBXFileReference; lastKnownFileType = file; path = "Poppins-ThinItalic.ttf"; sourceTree = "<group>"; };
		B40AFACF2887974200249820 /* Poppins-ExtraLightItalic.ttf */ = {isa = PBXFileReference; lastKnownFileType = file; path = "Poppins-ExtraLightItalic.ttf"; sourceTree = "<group>"; };
		B40AFAD02887974200249820 /* Poppins-BoldItalic.ttf */ = {isa = PBXFileReference; lastKnownFileType = file; path = "Poppins-BoldItalic.ttf"; sourceTree = "<group>"; };
		B40AFAD12887974200249820 /* Poppins-Light.ttf */ = {isa = PBXFileReference; lastKnownFileType = file; path = "Poppins-Light.ttf"; sourceTree = "<group>"; };
		B40AFAD22887974200249820 /* Poppins-Medium.ttf */ = {isa = PBXFileReference; lastKnownFileType = file; path = "Poppins-Medium.ttf"; sourceTree = "<group>"; };
		B40AFAD32887974200249820 /* Poppins-SemiBoldItalic.ttf */ = {isa = PBXFileReference; lastKnownFileType = file; path = "Poppins-SemiBoldItalic.ttf"; sourceTree = "<group>"; };
		B40AFAD42887974200249820 /* Poppins-ExtraBoldItalic.ttf */ = {isa = PBXFileReference; lastKnownFileType = file; path = "Poppins-ExtraBoldItalic.ttf"; sourceTree = "<group>"; };
		B40AFAD52887974200249820 /* Poppins-ExtraBold.ttf */ = {isa = PBXFileReference; lastKnownFileType = file; path = "Poppins-ExtraBold.ttf"; sourceTree = "<group>"; };
		B40AFAD62887974200249820 /* Poppins-BlackItalic.ttf */ = {isa = PBXFileReference; lastKnownFileType = file; path = "Poppins-BlackItalic.ttf"; sourceTree = "<group>"; };
		B40AFAD72887974200249820 /* OFL.txt */ = {isa = PBXFileReference; fileEncoding = 4; lastKnownFileType = text; path = OFL.txt; sourceTree = "<group>"; };
		B40AFAD82887974200249820 /* Poppins-Regular.ttf */ = {isa = PBXFileReference; lastKnownFileType = file; path = "Poppins-Regular.ttf"; sourceTree = "<group>"; };
		B40AFAD92887974200249820 /* Poppins-LightItalic.ttf */ = {isa = PBXFileReference; lastKnownFileType = file; path = "Poppins-LightItalic.ttf"; sourceTree = "<group>"; };
		B40AFADA2887974200249820 /* Poppins-Bold.ttf */ = {isa = PBXFileReference; lastKnownFileType = file; path = "Poppins-Bold.ttf"; sourceTree = "<group>"; };
		B40AFADB2887974200249820 /* Poppins-Black.ttf */ = {isa = PBXFileReference; lastKnownFileType = file; path = "Poppins-Black.ttf"; sourceTree = "<group>"; };
		B40AFADC2887974200249820 /* Poppins-Thin.ttf */ = {isa = PBXFileReference; lastKnownFileType = file; path = "Poppins-Thin.ttf"; sourceTree = "<group>"; };
		B40AFADD2887974200249820 /* Poppins-SemiBold.ttf */ = {isa = PBXFileReference; lastKnownFileType = file; path = "Poppins-SemiBold.ttf"; sourceTree = "<group>"; };
		B40AFADE2887974200249820 /* Poppins-Italic.ttf */ = {isa = PBXFileReference; lastKnownFileType = file; path = "Poppins-Italic.ttf"; sourceTree = "<group>"; };
		B40AFADF2887974200249820 /* Poppins-MediumItalic.ttf */ = {isa = PBXFileReference; lastKnownFileType = file; path = "Poppins-MediumItalic.ttf"; sourceTree = "<group>"; };
		B40AFB0C2887983C00249820 /* Ubuntu-Medium.ttf */ = {isa = PBXFileReference; lastKnownFileType = file; path = "Ubuntu-Medium.ttf"; sourceTree = "<group>"; };
		B40AFB0D2887983C00249820 /* Ubuntu-LightItalic.ttf */ = {isa = PBXFileReference; lastKnownFileType = file; path = "Ubuntu-LightItalic.ttf"; sourceTree = "<group>"; };
		B40AFB0E2887983C00249820 /* Ubuntu-Regular.ttf */ = {isa = PBXFileReference; lastKnownFileType = file; path = "Ubuntu-Regular.ttf"; sourceTree = "<group>"; };
		B40AFB0F2887983C00249820 /* Ubuntu-Bold.ttf */ = {isa = PBXFileReference; lastKnownFileType = file; path = "Ubuntu-Bold.ttf"; sourceTree = "<group>"; };
		B40AFB102887983C00249820 /* Ubuntu-MediumItalic.ttf */ = {isa = PBXFileReference; lastKnownFileType = file; path = "Ubuntu-MediumItalic.ttf"; sourceTree = "<group>"; };
		B40AFB112887983C00249820 /* Ubuntu-BoldItalic.ttf */ = {isa = PBXFileReference; lastKnownFileType = file; path = "Ubuntu-BoldItalic.ttf"; sourceTree = "<group>"; };
		B40AFB122887983C00249820 /* Ubuntu-Italic.ttf */ = {isa = PBXFileReference; lastKnownFileType = file; path = "Ubuntu-Italic.ttf"; sourceTree = "<group>"; };
		B40AFB132887983C00249820 /* Ubuntu-Light.ttf */ = {isa = PBXFileReference; lastKnownFileType = file; path = "Ubuntu-Light.ttf"; sourceTree = "<group>"; };
		B40AFB142887983C00249820 /* UFL.txt */ = {isa = PBXFileReference; fileEncoding = 4; lastKnownFileType = text; path = UFL.txt; sourceTree = "<group>"; };
		B40AFB1F2887990000249820 /* CustomUIFont.swift */ = {isa = PBXFileReference; lastKnownFileType = sourcecode.swift; path = CustomUIFont.swift; sourceTree = "<group>"; };
		B40AFB212887A2FA00249820 /* LoginViewController+Extension.swift */ = {isa = PBXFileReference; lastKnownFileType = sourcecode.swift; path = "LoginViewController+Extension.swift"; sourceTree = "<group>"; };
		B40AFB232887BD3600249820 /* CustomUIColor.swift */ = {isa = PBXFileReference; lastKnownFileType = sourcecode.swift; path = CustomUIColor.swift; sourceTree = "<group>"; };
		B40AFB262888142100249820 /* SignupViewController.swift */ = {isa = PBXFileReference; lastKnownFileType = sourcecode.swift; path = SignupViewController.swift; sourceTree = "<group>"; };
		B40AFB282888143C00249820 /* SignupViewController+Extension.swift */ = {isa = PBXFileReference; lastKnownFileType = sourcecode.swift; path = "SignupViewController+Extension.swift"; sourceTree = "<group>"; };
		B40AFB2A288861A300249820 /* Extensions.swift */ = {isa = PBXFileReference; lastKnownFileType = sourcecode.swift; path = Extensions.swift; sourceTree = "<group>"; };
		B40AFB312889AB1C00249820 /* AudioToolbox.framework */ = {isa = PBXFileReference; lastKnownFileType = wrapper.framework; name = AudioToolbox.framework; path = System/Library/Frameworks/AudioToolbox.framework; sourceTree = SDKROOT; };
		B40AFB37288ACE1D00249820 /* DecaTextField.swift */ = {isa = PBXFileReference; lastKnownFileType = sourcecode.swift; path = DecaTextField.swift; sourceTree = "<group>"; };
		B40AFB39288ACE3F00249820 /* DecaButton.swift */ = {isa = PBXFileReference; lastKnownFileType = sourcecode.swift; path = DecaButton.swift; sourceTree = "<group>"; };
		B431E91B28A4FC54009769CB /* schema.json */ = {isa = PBXFileReference; lastKnownFileType = text.json; path = schema.json; sourceTree = "<group>"; };
		B431E91C28A4FC54009769CB /* Login.graphql */ = {isa = PBXFileReference; lastKnownFileType = text; path = Login.graphql; sourceTree = "<group>"; };
		B431E91D28A4FC54009769CB /* Register.graphql */ = {isa = PBXFileReference; lastKnownFileType = text; path = Register.graphql; sourceTree = "<group>"; };
		B431E92128A4FE76009769CB /* API.swift */ = {isa = PBXFileReference; fileEncoding = 4; lastKnownFileType = sourcecode.swift; path = API.swift; sourceTree = "<group>"; };
		B43631DB289D4BB30010976F /* ExerciseTimerViewController.swift */ = {isa = PBXFileReference; lastKnownFileType = sourcecode.swift; path = ExerciseTimerViewController.swift; sourceTree = "<group>"; };
		B43631DD289D4D770010976F /* ExerciseTimerView.swift */ = {isa = PBXFileReference; lastKnownFileType = sourcecode.swift; path = ExerciseTimerView.swift; sourceTree = "<group>"; };
		B43631DF289D5AC80010976F /* StepsTakenView.swift */ = {isa = PBXFileReference; lastKnownFileType = sourcecode.swift; path = StepsTakenView.swift; sourceTree = "<group>"; };
		B43631E1289DB8650010976F /* ProgressBar.swift */ = {isa = PBXFileReference; lastKnownFileType = sourcecode.swift; path = ProgressBar.swift; sourceTree = "<group>"; };
		B44B3BFF2897C7F0000C94D7 /* StartWorkoutViewController.swift */ = {isa = PBXFileReference; lastKnownFileType = sourcecode.swift; path = StartWorkoutViewController.swift; sourceTree = "<group>"; };
		B44B3C042897C8CB000C94D7 /* StartWorkoutCell.swift */ = {isa = PBXFileReference; lastKnownFileType = sourcecode.swift; path = StartWorkoutCell.swift; sourceTree = "<group>"; };
		B44B3C0628982687000C94D7 /* CustomNavbar.swift */ = {isa = PBXFileReference; lastKnownFileType = sourcecode.swift; path = CustomNavbar.swift; sourceTree = "<group>"; };
		B44B3C0E289A714A000C94D7 /* Constants.swift */ = {isa = PBXFileReference; lastKnownFileType = sourcecode.swift; path = Constants.swift; sourceTree = "<group>"; };
		B44B3C10289A7F57000C94D7 /* TextFields.swift */ = {isa = PBXFileReference; lastKnownFileType = sourcecode.swift; path = TextFields.swift; sourceTree = "<group>"; };
		B44B3C14289A879B000C94D7 /* Buttons.swift */ = {isa = PBXFileReference; lastKnownFileType = sourcecode.swift; path = Buttons.swift; sourceTree = "<group>"; };
		B44B3C17289A893E000C94D7 /* Labels.swift */ = {isa = PBXFileReference; lastKnownFileType = sourcecode.swift; path = Labels.swift; sourceTree = "<group>"; };
		B44B3C1A289A8ABE000C94D7 /* Images.swift */ = {isa = PBXFileReference; lastKnownFileType = sourcecode.swift; path = Images.swift; sourceTree = "<group>"; };
		B44B3C1C289A957D000C94D7 /* Alert.swift */ = {isa = PBXFileReference; lastKnownFileType = sourcecode.swift; path = Alert.swift; sourceTree = "<group>"; };
		B44B3C20289B0093000C94D7 /* FocusAreaModel.swift */ = {isa = PBXFileReference; lastKnownFileType = sourcecode.swift; path = FocusAreaModel.swift; sourceTree = "<group>"; };
		B44B3C22289B0106000C94D7 /* TodaySessionModel.swift */ = {isa = PBXFileReference; lastKnownFileType = sourcecode.swift; path = TodaySessionModel.swift; sourceTree = "<group>"; };
		B44B3C24289B032D000C94D7 /* StartWorkoutModel.swift */ = {isa = PBXFileReference; lastKnownFileType = sourcecode.swift; path = StartWorkoutModel.swift; sourceTree = "<group>"; };
		B44B3C26289B064A000C94D7 /* DataManager.swift */ = {isa = PBXFileReference; lastKnownFileType = sourcecode.swift; path = DataManager.swift; sourceTree = "<group>"; };
		B47B5B0F287C147000EEC900 /* Decafit.app */ = {isa = PBXFileReference; explicitFileType = wrapper.application; includeInIndex = 0; path = Decafit.app; sourceTree = BUILT_PRODUCTS_DIR; };
		B47B5B12287C147000EEC900 /* AppDelegate.swift */ = {isa = PBXFileReference; lastKnownFileType = sourcecode.swift; path = AppDelegate.swift; sourceTree = "<group>"; };
		B47B5B14287C147000EEC900 /* SceneDelegate.swift */ = {isa = PBXFileReference; lastKnownFileType = sourcecode.swift; path = SceneDelegate.swift; sourceTree = "<group>"; };
		B47B5B16287C147000EEC900 /* HomeViewController.swift */ = {isa = PBXFileReference; lastKnownFileType = sourcecode.swift; path = HomeViewController.swift; sourceTree = "<group>"; };
		B47B5B1E287C147300EEC900 /* Base */ = {isa = PBXFileReference; lastKnownFileType = file.storyboard; name = Base; path = Base.lproj/LaunchScreen.storyboard; sourceTree = "<group>"; };
		B47B5B20287C147300EEC900 /* Info.plist */ = {isa = PBXFileReference; lastKnownFileType = text.plist.xml; path = Info.plist; sourceTree = "<group>"; };
		B47B5B25287C147300EEC900 /* DecafitTests.xctest */ = {isa = PBXFileReference; explicitFileType = wrapper.cfbundle; includeInIndex = 0; path = DecafitTests.xctest; sourceTree = BUILT_PRODUCTS_DIR; };
		B47B5B29287C147300EEC900 /* DecafitTests.swift */ = {isa = PBXFileReference; lastKnownFileType = sourcecode.swift; path = DecafitTests.swift; sourceTree = "<group>"; };
		B47B5B2B287C147300EEC900 /* Info.plist */ = {isa = PBXFileReference; lastKnownFileType = text.plist.xml; path = Info.plist; sourceTree = "<group>"; };
		B47B5B30287C147300EEC900 /* DecafitUITests.xctest */ = {isa = PBXFileReference; explicitFileType = wrapper.cfbundle; includeInIndex = 0; path = DecafitUITests.xctest; sourceTree = BUILT_PRODUCTS_DIR; };
		B47B5B34287C147300EEC900 /* DecafitUITests.swift */ = {isa = PBXFileReference; lastKnownFileType = sourcecode.swift; path = DecafitUITests.swift; sourceTree = "<group>"; };
		B47B5B36287C147300EEC900 /* Info.plist */ = {isa = PBXFileReference; lastKnownFileType = text.plist.xml; path = Info.plist; sourceTree = "<group>"; };
		B48A59072886D583004D1BEA /* AuthManager.swift */ = {isa = PBXFileReference; lastKnownFileType = sourcecode.swift; path = AuthManager.swift; sourceTree = "<group>"; };
		B48A59092886D684004D1BEA /* LoginViewController.swift */ = {isa = PBXFileReference; lastKnownFileType = sourcecode.swift; path = LoginViewController.swift; sourceTree = "<group>"; };
		B4AB95B4288E932F00FE9C96 /* DecaStack.swift */ = {isa = PBXFileReference; lastKnownFileType = sourcecode.swift; path = DecaStack.swift; sourceTree = "<group>"; };
		B4AB95B6288E934E00FE9C96 /* DecaLabel.swift */ = {isa = PBXFileReference; lastKnownFileType = sourcecode.swift; path = DecaLabel.swift; sourceTree = "<group>"; };
		B4AB95B8288EB0F600FE9C96 /* DecaImageView.swift */ = {isa = PBXFileReference; lastKnownFileType = sourcecode.swift; path = DecaImageView.swift; sourceTree = "<group>"; };
		B4AB95CB2891D20D00FE9C96 /* FocusAreaCollectionViewCell.swift */ = {isa = PBXFileReference; lastKnownFileType = sourcecode.swift; path = FocusAreaCollectionViewCell.swift; sourceTree = "<group>"; };
		B4AB95CE2891D3B000FE9C96 /* FocusAreaView.swift */ = {isa = PBXFileReference; lastKnownFileType = sourcecode.swift; path = FocusAreaView.swift; sourceTree = "<group>"; };
		B4B96E9E2892696200E22B33 /* TodaySessionView.swift */ = {isa = PBXFileReference; lastKnownFileType = sourcecode.swift; path = TodaySessionView.swift; sourceTree = "<group>"; };
		B4B96EA02892697F00E22B33 /* TodayCollectionViewCell.swift */ = {isa = PBXFileReference; lastKnownFileType = sourcecode.swift; path = TodayCollectionViewCell.swift; sourceTree = "<group>"; };
		B4B96EA628936A2800E22B33 /* FitConfigViewController.swift */ = {isa = PBXFileReference; lastKnownFileType = sourcecode.swift; path = FitConfigViewController.swift; sourceTree = "<group>"; };
		B4B96EA82893CCA500E22B33 /* Assets.xcassets */ = {isa = PBXFileReference; lastKnownFileType = folder.assetcatalog; path = Assets.xcassets; sourceTree = "<group>"; };
		B4E4C9C8289C4103008CD86D /* WorkoutPageTopview.swift */ = {isa = PBXFileReference; lastKnownFileType = sourcecode.swift; path = WorkoutPageTopview.swift; sourceTree = "<group>"; };
		B4E4C9CA289CA166008CD86D /* WorkoutModalView.swift */ = {isa = PBXFileReference; lastKnownFileType = sourcecode.swift; path = WorkoutModalView.swift; sourceTree = "<group>"; };
		E09F5AB25E31C6DF910AF630 /* Pods-Decafit-DecafitUITests.debug.xcconfig */ = {isa = PBXFileReference; includeInIndex = 1; lastKnownFileType = text.xcconfig; name = "Pods-Decafit-DecafitUITests.debug.xcconfig"; path = "Target Support Files/Pods-Decafit-DecafitUITests/Pods-Decafit-DecafitUITests.debug.xcconfig"; sourceTree = "<group>"; };
		F5A45F2515A01D1403BDB39F /* Pods_Decafit_DecafitUITests.framework */ = {isa = PBXFileReference; explicitFileType = wrapper.framework; includeInIndex = 0; path = Pods_Decafit_DecafitUITests.framework; sourceTree = BUILT_PRODUCTS_DIR; };
/* End PBXFileReference section */

/* Begin PBXFrameworksBuildPhase section */
		B47B5B0C287C147000EEC900 /* Frameworks */ = {
			isa = PBXFrameworksBuildPhase;
			buildActionMask = 2147483647;
			files = (
				B40AFB322889AB1C00249820 /* AudioToolbox.framework in Frameworks */,
				B431E91A28A4FBFE009769CB /* ApolloSQLite in Frameworks */,
				B431E91828A4FBFE009769CB /* Apollo in Frameworks */,
				E9EDA8C619805CC18DD608E6 /* Pods_Decafit.framework in Frameworks */,
			);
			runOnlyForDeploymentPostprocessing = 0;
		};
		B47B5B22287C147300EEC900 /* Frameworks */ = {
			isa = PBXFrameworksBuildPhase;
			buildActionMask = 2147483647;
			files = (
				840ABECD6FA397DC0E32DC90 /* Pods_DecafitTests.framework in Frameworks */,
			);
			runOnlyForDeploymentPostprocessing = 0;
		};
		B47B5B2D287C147300EEC900 /* Frameworks */ = {
			isa = PBXFrameworksBuildPhase;
			buildActionMask = 2147483647;
			files = (
				419A1309040F7FA7D834953B /* Pods_Decafit_DecafitUITests.framework in Frameworks */,
			);
			runOnlyForDeploymentPostprocessing = 0;
		};
/* End PBXFrameworksBuildPhase section */

/* Begin PBXGroup section */
		71DF92A12D10BA8E43157B2E /* Pods */ = {
			isa = PBXGroup;
			children = (
				3E725D2D26D9A221628F8E76 /* Pods-Decafit.debug.xcconfig */,
				383967186BA0F75FB298D45B /* Pods-Decafit.release.xcconfig */,
				E09F5AB25E31C6DF910AF630 /* Pods-Decafit-DecafitUITests.debug.xcconfig */,
				082D8533D4AEC9F1714D2BD8 /* Pods-Decafit-DecafitUITests.release.xcconfig */,
				58EA5AC3021255C4F91480EA /* Pods-DecafitTests.debug.xcconfig */,
				B009CDFF4FF56B73D8484BAE /* Pods-DecafitTests.release.xcconfig */,
			);
			path = Pods;
			sourceTree = "<group>";
		};
		B40AFAC828878CD700249820 /* Login */ = {
			isa = PBXGroup;
			children = (
				B48A59092886D684004D1BEA /* LoginViewController.swift */,
				B40AFB212887A2FA00249820 /* LoginViewController+Extension.swift */,
			);
			path = Login;
			sourceTree = "<group>";
		};
		B40AFACB2887970700249820 /* Fonts */ = {
			isa = PBXGroup;
			children = (
				B40AFB0B2887983C00249820 /* Ubuntu */,
				B40AFACC2887974200249820 /* Poppins */,
			);
			path = Fonts;
			sourceTree = "<group>";
		};
		B40AFACC2887974200249820 /* Poppins */ = {
			isa = PBXGroup;
			children = (
				B40AFACD2887974200249820 /* Poppins-ExtraLight.ttf */,
				B40AFACE2887974200249820 /* Poppins-ThinItalic.ttf */,
				B40AFACF2887974200249820 /* Poppins-ExtraLightItalic.ttf */,
				B40AFAD02887974200249820 /* Poppins-BoldItalic.ttf */,
				B40AFAD12887974200249820 /* Poppins-Light.ttf */,
				B40AFAD22887974200249820 /* Poppins-Medium.ttf */,
				B40AFAD32887974200249820 /* Poppins-SemiBoldItalic.ttf */,
				B40AFAD42887974200249820 /* Poppins-ExtraBoldItalic.ttf */,
				B40AFAD52887974200249820 /* Poppins-ExtraBold.ttf */,
				B40AFAD62887974200249820 /* Poppins-BlackItalic.ttf */,
				B40AFAD72887974200249820 /* OFL.txt */,
				B40AFAD82887974200249820 /* Poppins-Regular.ttf */,
				B40AFAD92887974200249820 /* Poppins-LightItalic.ttf */,
				B40AFADA2887974200249820 /* Poppins-Bold.ttf */,
				B40AFADB2887974200249820 /* Poppins-Black.ttf */,
				B40AFADC2887974200249820 /* Poppins-Thin.ttf */,
				B40AFADD2887974200249820 /* Poppins-SemiBold.ttf */,
				B40AFADE2887974200249820 /* Poppins-Italic.ttf */,
				B40AFADF2887974200249820 /* Poppins-MediumItalic.ttf */,
			);
			path = Poppins;
			sourceTree = "<group>";
		};
		B40AFB0B2887983C00249820 /* Ubuntu */ = {
			isa = PBXGroup;
			children = (
				B40AFB0C2887983C00249820 /* Ubuntu-Medium.ttf */,
				B40AFB0D2887983C00249820 /* Ubuntu-LightItalic.ttf */,
				B40AFB0E2887983C00249820 /* Ubuntu-Regular.ttf */,
				B40AFB0F2887983C00249820 /* Ubuntu-Bold.ttf */,
				B40AFB102887983C00249820 /* Ubuntu-MediumItalic.ttf */,
				B40AFB112887983C00249820 /* Ubuntu-BoldItalic.ttf */,
				B40AFB122887983C00249820 /* Ubuntu-Italic.ttf */,
				B40AFB132887983C00249820 /* Ubuntu-Light.ttf */,
				B40AFB142887983C00249820 /* UFL.txt */,
			);
			path = Ubuntu;
			sourceTree = "<group>";
		};
		B40AFB1E288798E200249820 /* Common */ = {
			isa = PBXGroup;
			children = (
				B40AFB1F2887990000249820 /* CustomUIFont.swift */,
				B40AFB232887BD3600249820 /* CustomUIColor.swift */,
				B40AFB2A288861A300249820 /* Extensions.swift */,
				B44B3C0E289A714A000C94D7 /* Constants.swift */,
				B44B3C1C289A957D000C94D7 /* Alert.swift */,
			);
			path = Common;
			sourceTree = "<group>";
		};
		B40AFB25288813F500249820 /* Signup */ = {
			isa = PBXGroup;
			children = (
				B40AFB262888142100249820 /* SignupViewController.swift */,
				B40AFB282888143C00249820 /* SignupViewController+Extension.swift */,
			);
			path = Signup;
			sourceTree = "<group>";
		};
		B40AFB302889AB1C00249820 /* Frameworks */ = {
			isa = PBXGroup;
			children = (
				B40AFB312889AB1C00249820 /* AudioToolbox.framework */,
				48853A80EF7AD9413CD9484E /* Pods_Decafit.framework */,
				F5A45F2515A01D1403BDB39F /* Pods_Decafit_DecafitUITests.framework */,
				0834CB1C9C2E67D6107EFC02 /* Pods_DecafitTests.framework */,
			);
			name = Frameworks;
			sourceTree = "<group>";
		};
		B40AFB36288ACB4F00249820 /* CustomViews */ = {
			isa = PBXGroup;
			children = (
				B44B3C19289A8AA2000C94D7 /* ImageView */,
				B44B3C13289A8780000C94D7 /* Button */,
				B44B3C12289A8085000C94D7 /* TextField */,
				B44B3C16289A889E000C94D7 /* Label */,
				B44B3C0628982687000C94D7 /* CustomNavbar.swift */,
				B4AB95B4288E932F00FE9C96 /* DecaStack.swift */,
				B43631E1289DB8650010976F /* ProgressBar.swift */,
			);
			path = CustomViews;
			sourceTree = "<group>";
		};
		B43631DA289D4B830010976F /* Exercises */ = {
			isa = PBXGroup;
			children = (
				B43631DB289D4BB30010976F /* ExerciseTimerViewController.swift */,
				B43631DD289D4D770010976F /* ExerciseTimerView.swift */,
				B43631DF289D5AC80010976F /* StepsTakenView.swift */,
			);
			path = Exercises;
			sourceTree = "<group>";
		};
		B44B3C012897C879000C94D7 /* Focus */ = {
			isa = PBXGroup;
			children = (
				B4AB95CB2891D20D00FE9C96 /* FocusAreaCollectionViewCell.swift */,
				B4AB95CE2891D3B000FE9C96 /* FocusAreaView.swift */,
			);
			path = Focus;
			sourceTree = "<group>";
		};
		B44B3C022897C886000C94D7 /* Today */ = {
			isa = PBXGroup;
			children = (
				B4B96E9E2892696200E22B33 /* TodaySessionView.swift */,
				B4B96EA02892697F00E22B33 /* TodayCollectionViewCell.swift */,
			);
			path = Today;
			sourceTree = "<group>";
		};
		B44B3C032897C898000C94D7 /* StartWorkout */ = {
			isa = PBXGroup;
			children = (
				B44B3BFF2897C7F0000C94D7 /* StartWorkoutViewController.swift */,
				B44B3C042897C8CB000C94D7 /* StartWorkoutCell.swift */,
				B4E4C9C8289C4103008CD86D /* WorkoutPageTopview.swift */,
				B4E4C9CA289CA166008CD86D /* WorkoutModalView.swift */,
			);
			path = StartWorkout;
			sourceTree = "<group>";
		};
		B44B3C12289A8085000C94D7 /* TextField */ = {
			isa = PBXGroup;
			children = (
				B40AFB37288ACE1D00249820 /* DecaTextField.swift */,
				B44B3C10289A7F57000C94D7 /* TextFields.swift */,
			);
			path = TextField;
			sourceTree = "<group>";
		};
		B44B3C13289A8780000C94D7 /* Button */ = {
			isa = PBXGroup;
			children = (
				B40AFB39288ACE3F00249820 /* DecaButton.swift */,
				B44B3C14289A879B000C94D7 /* Buttons.swift */,
			);
			path = Button;
			sourceTree = "<group>";
		};
		B44B3C16289A889E000C94D7 /* Label */ = {
			isa = PBXGroup;
			children = (
				B4AB95B6288E934E00FE9C96 /* DecaLabel.swift */,
				B44B3C17289A893E000C94D7 /* Labels.swift */,
			);
			path = Label;
			sourceTree = "<group>";
		};
		B44B3C19289A8AA2000C94D7 /* ImageView */ = {
			isa = PBXGroup;
			children = (
				B4AB95B8288EB0F600FE9C96 /* DecaImageView.swift */,
				B44B3C1A289A8ABE000C94D7 /* Images.swift */,
			);
			path = ImageView;
			sourceTree = "<group>";
		};
		B44B3C1E289ABAC5000C94D7 /* InputSetsAndReps */ = {
			isa = PBXGroup;
			children = (
				B4B96EA628936A2800E22B33 /* FitConfigViewController.swift */,
			);
			path = InputSetsAndReps;
			sourceTree = "<group>";
		};
		B44B3C1F289B0076000C94D7 /* Models */ = {
			isa = PBXGroup;
			children = (
				B44B3C20289B0093000C94D7 /* FocusAreaModel.swift */,
				B44B3C22289B0106000C94D7 /* TodaySessionModel.swift */,
				B44B3C24289B032D000C94D7 /* StartWorkoutModel.swift */,
			);
			path = Models;
			sourceTree = "<group>";
		};
		B47B5B06287C147000EEC900 = {
			isa = PBXGroup;
			children = (
				B47B5B11287C147000EEC900 /* Decafit */,
				B47B5B28287C147300EEC900 /* DecafitTests */,
				B47B5B33287C147300EEC900 /* DecafitUITests */,
				B47B5B10287C147000EEC900 /* Products */,
				B40AFB302889AB1C00249820 /* Frameworks */,
				71DF92A12D10BA8E43157B2E /* Pods */,
			);
			sourceTree = "<group>";
		};
		B47B5B10287C147000EEC900 /* Products */ = {
			isa = PBXGroup;
			children = (
				B47B5B0F287C147000EEC900 /* Decafit.app */,
				B47B5B25287C147300EEC900 /* DecafitTests.xctest */,
				B47B5B30287C147300EEC900 /* DecafitUITests.xctest */,
			);
			name = Products;
			sourceTree = "<group>";
		};
		B47B5B11287C147000EEC900 /* Decafit */ = {
			isa = PBXGroup;
			children = (
				B431E92128A4FE76009769CB /* API.swift */,
				B431E91C28A4FC54009769CB /* Login.graphql */,
				B431E91D28A4FC54009769CB /* Register.graphql */,
				B431E91B28A4FC54009769CB /* schema.json */,
				B44B3C1F289B0076000C94D7 /* Models */,
				B40AFB36288ACB4F00249820 /* CustomViews */,
				B40AFB1E288798E200249820 /* Common */,
				B48A59042886D4AD004D1BEA /* Resources */,
				B48A59032886D492004D1BEA /* Storyboards */,
				B48A59022886D48A004D1BEA /* Delegates */,
				B48A59012886D481004D1BEA /* Controller */,
				B48A59002886D470004D1BEA /* Manager */,
				B47B5B20287C147300EEC900 /* Info.plist */,
			);
			path = Decafit;
			sourceTree = "<group>";
		};
		B47B5B28287C147300EEC900 /* DecafitTests */ = {
			isa = PBXGroup;
			children = (
				B47B5B29287C147300EEC900 /* DecafitTests.swift */,
				B47B5B2B287C147300EEC900 /* Info.plist */,
			);
			path = DecafitTests;
			sourceTree = "<group>";
		};
		B47B5B33287C147300EEC900 /* DecafitUITests */ = {
			isa = PBXGroup;
			children = (
				B47B5B34287C147300EEC900 /* DecafitUITests.swift */,
				B47B5B36287C147300EEC900 /* Info.plist */,
			);
			path = DecafitUITests;
			sourceTree = "<group>";
		};
		B48A59002886D470004D1BEA /* Manager */ = {
			isa = PBXGroup;
			children = (
				B48A59072886D583004D1BEA /* AuthManager.swift */,
				B44B3C26289B064A000C94D7 /* DataManager.swift */,
			);
			path = Manager;
			sourceTree = "<group>";
		};
		B48A59012886D481004D1BEA /* Controller */ = {
			isa = PBXGroup;
			children = (
				B43631DA289D4B830010976F /* Exercises */,
				B44B3C1E289ABAC5000C94D7 /* InputSetsAndReps */,
				B44B3C032897C898000C94D7 /* StartWorkout */,
				B4AB95CD2891D37A00FE9C96 /* Home */,
				B40AFB25288813F500249820 /* Signup */,
				B40AFAC828878CD700249820 /* Login */,
			);
			path = Controller;
			sourceTree = "<group>";
		};
		B48A59022886D48A004D1BEA /* Delegates */ = {
			isa = PBXGroup;
			children = (
				B47B5B12287C147000EEC900 /* AppDelegate.swift */,
				B47B5B14287C147000EEC900 /* SceneDelegate.swift */,
			);
			path = Delegates;
			sourceTree = "<group>";
		};
		B48A59032886D492004D1BEA /* Storyboards */ = {
			isa = PBXGroup;
			children = (
				B47B5B1D287C147300EEC900 /* LaunchScreen.storyboard */,
			);
			path = Storyboards;
			sourceTree = "<group>";
		};
		B48A59042886D4AD004D1BEA /* Resources */ = {
			isa = PBXGroup;
			children = (
				B4B96EA82893CCA500E22B33 /* Assets.xcassets */,
				B40AFACB2887970700249820 /* Fonts */,
			);
			path = Resources;
			sourceTree = "<group>";
		};
		B4AB95CD2891D37A00FE9C96 /* Home */ = {
			isa = PBXGroup;
			children = (
				B47B5B16287C147000EEC900 /* HomeViewController.swift */,
				B44B3C012897C879000C94D7 /* Focus */,
				B44B3C022897C886000C94D7 /* Today */,
			);
			path = Home;
			sourceTree = "<group>";
		};
/* End PBXGroup section */

/* Begin PBXNativeTarget section */
		B47B5B0E287C147000EEC900 /* Decafit */ = {
			isa = PBXNativeTarget;
			buildConfigurationList = B47B5B39287C147300EEC900 /* Build configuration list for PBXNativeTarget "Decafit" */;
			buildPhases = (
				021FFC32A5965D03C74C850E /* [CP] Check Pods Manifest.lock */,
				B431E91E28A4FCC8009769CB /* Apollo */,
				B47B5B0B287C147000EEC900 /* Sources */,
				B47B5B0C287C147000EEC900 /* Frameworks */,
				B47B5B0D287C147000EEC900 /* Resources */,
				B40AFB35288AC77300249820 /* ShellScript */,
			);
			buildRules = (
			);
			dependencies = (
			);
			name = Decafit;
			packageProductDependencies = (
				B431E91728A4FBFE009769CB /* Apollo */,
				B431E91928A4FBFE009769CB /* ApolloSQLite */,
			);
			productName = Decafit;
			productReference = B47B5B0F287C147000EEC900 /* Decafit.app */;
			productType = "com.apple.product-type.application";
		};
		B47B5B24287C147300EEC900 /* DecafitTests */ = {
			isa = PBXNativeTarget;
			buildConfigurationList = B47B5B3C287C147300EEC900 /* Build configuration list for PBXNativeTarget "DecafitTests" */;
			buildPhases = (
				6E0FA6C6983B449678D3987C /* [CP] Check Pods Manifest.lock */,
				B47B5B21287C147300EEC900 /* Sources */,
				B47B5B22287C147300EEC900 /* Frameworks */,
				B47B5B23287C147300EEC900 /* Resources */,
			);
			buildRules = (
			);
			dependencies = (
				B47B5B27287C147300EEC900 /* PBXTargetDependency */,
			);
			name = DecafitTests;
			productName = DecafitTests;
			productReference = B47B5B25287C147300EEC900 /* DecafitTests.xctest */;
			productType = "com.apple.product-type.bundle.unit-test";
		};
		B47B5B2F287C147300EEC900 /* DecafitUITests */ = {
			isa = PBXNativeTarget;
			buildConfigurationList = B47B5B3F287C147300EEC900 /* Build configuration list for PBXNativeTarget "DecafitUITests" */;
			buildPhases = (
				B9FEB3C0B65013E93BE9E646 /* [CP] Check Pods Manifest.lock */,
				B47B5B2C287C147300EEC900 /* Sources */,
				B47B5B2D287C147300EEC900 /* Frameworks */,
				B47B5B2E287C147300EEC900 /* Resources */,
			);
			buildRules = (
			);
			dependencies = (
				B47B5B32287C147300EEC900 /* PBXTargetDependency */,
			);
			name = DecafitUITests;
			productName = DecafitUITests;
			productReference = B47B5B30287C147300EEC900 /* DecafitUITests.xctest */;
			productType = "com.apple.product-type.bundle.ui-testing";
		};
/* End PBXNativeTarget section */

/* Begin PBXProject section */
		B47B5B07287C147000EEC900 /* Project object */ = {
			isa = PBXProject;
			attributes = {
				LastSwiftUpdateCheck = 1250;
				LastUpgradeCheck = 1250;
				TargetAttributes = {
					B47B5B0E287C147000EEC900 = {
						CreatedOnToolsVersion = 12.5.1;
					};
					B47B5B24287C147300EEC900 = {
						CreatedOnToolsVersion = 12.5.1;
						TestTargetID = B47B5B0E287C147000EEC900;
					};
					B47B5B2F287C147300EEC900 = {
						CreatedOnToolsVersion = 12.5.1;
						TestTargetID = B47B5B0E287C147000EEC900;
					};
				};
			};
			buildConfigurationList = B47B5B0A287C147000EEC900 /* Build configuration list for PBXProject "Decafit" */;
			compatibilityVersion = "Xcode 9.3";
			developmentRegion = en;
			hasScannedForEncodings = 0;
			knownRegions = (
				en,
				Base,
			);
			mainGroup = B47B5B06287C147000EEC900;
			packageReferences = (
				B431E91628A4FBFE009769CB /* XCRemoteSwiftPackageReference "apollo-ios" */,
			);
			productRefGroup = B47B5B10287C147000EEC900 /* Products */;
			projectDirPath = "";
			projectRoot = "";
			targets = (
				B47B5B0E287C147000EEC900 /* Decafit */,
				B47B5B24287C147300EEC900 /* DecafitTests */,
				B47B5B2F287C147300EEC900 /* DecafitUITests */,
			);
		};
/* End PBXProject section */

/* Begin PBXResourcesBuildPhase section */
		B47B5B0D287C147000EEC900 /* Resources */ = {
			isa = PBXResourcesBuildPhase;
			buildActionMask = 2147483647;
			files = (
				B40AFB172887983C00249820 /* Ubuntu-Regular.ttf in Resources */,
				B40AFAE42887974200249820 /* Poppins-Light.ttf in Resources */,
				B40AFAEE2887974200249820 /* Poppins-Black.ttf in Resources */,
				B40AFB1C2887983C00249820 /* Ubuntu-Light.ttf in Resources */,
				B4B96EA92893CCA500E22B33 /* Assets.xcassets in Resources */,
				B40AFB1B2887983C00249820 /* Ubuntu-Italic.ttf in Resources */,
				B40AFAEC2887974200249820 /* Poppins-LightItalic.ttf in Resources */,
				B40AFB1D2887983C00249820 /* UFL.txt in Resources */,
				B40AFB192887983C00249820 /* Ubuntu-MediumItalic.ttf in Resources */,
				B40AFAEF2887974200249820 /* Poppins-Thin.ttf in Resources */,
				B40AFB162887983C00249820 /* Ubuntu-LightItalic.ttf in Resources */,
				B40AFAE02887974200249820 /* Poppins-ExtraLight.ttf in Resources */,
				B40AFAF02887974200249820 /* Poppins-SemiBold.ttf in Resources */,
				B40AFAED2887974200249820 /* Poppins-Bold.ttf in Resources */,
				B40AFAE12887974200249820 /* Poppins-ThinItalic.ttf in Resources */,
				B40AFB182887983C00249820 /* Ubuntu-Bold.ttf in Resources */,
				B40AFAE22887974200249820 /* Poppins-ExtraLightItalic.ttf in Resources */,
				B40AFAE92887974200249820 /* Poppins-BlackItalic.ttf in Resources */,
				B40AFB152887983C00249820 /* Ubuntu-Medium.ttf in Resources */,
				B40AFAE72887974200249820 /* Poppins-ExtraBoldItalic.ttf in Resources */,
				B40AFAE32887974200249820 /* Poppins-BoldItalic.ttf in Resources */,
				B40AFAE62887974200249820 /* Poppins-SemiBoldItalic.ttf in Resources */,
				B40AFAEA2887974200249820 /* OFL.txt in Resources */,
				B40AFAEB2887974200249820 /* Poppins-Regular.ttf in Resources */,
				B40AFB1A2887983C00249820 /* Ubuntu-BoldItalic.ttf in Resources */,
				B40AFAE82887974200249820 /* Poppins-ExtraBold.ttf in Resources */,
				B40AFAE52887974200249820 /* Poppins-Medium.ttf in Resources */,
				B47B5B1F287C147300EEC900 /* LaunchScreen.storyboard in Resources */,
				B40AFAF12887974200249820 /* Poppins-Italic.ttf in Resources */,
				B40AFAF22887974200249820 /* Poppins-MediumItalic.ttf in Resources */,
			);
			runOnlyForDeploymentPostprocessing = 0;
		};
		B47B5B23287C147300EEC900 /* Resources */ = {
			isa = PBXResourcesBuildPhase;
			buildActionMask = 2147483647;
			files = (
			);
			runOnlyForDeploymentPostprocessing = 0;
		};
		B47B5B2E287C147300EEC900 /* Resources */ = {
			isa = PBXResourcesBuildPhase;
			buildActionMask = 2147483647;
			files = (
			);
			runOnlyForDeploymentPostprocessing = 0;
		};
/* End PBXResourcesBuildPhase section */

/* Begin PBXShellScriptBuildPhase section */
		021FFC32A5965D03C74C850E /* [CP] Check Pods Manifest.lock */ = {
			isa = PBXShellScriptBuildPhase;
			buildActionMask = 2147483647;
			files = (
			);
			inputFileListPaths = (
			);
			inputPaths = (
				"${PODS_PODFILE_DIR_PATH}/Podfile.lock",
				"${PODS_ROOT}/Manifest.lock",
			);
			name = "[CP] Check Pods Manifest.lock";
			outputFileListPaths = (
			);
			outputPaths = (
				"$(DERIVED_FILE_DIR)/Pods-Decafit-checkManifestLockResult.txt",
			);
			runOnlyForDeploymentPostprocessing = 0;
			shellPath = /bin/sh;
			shellScript = "diff \"${PODS_PODFILE_DIR_PATH}/Podfile.lock\" \"${PODS_ROOT}/Manifest.lock\" > /dev/null\nif [ $? != 0 ] ; then\n    # print error to STDERR\n    echo \"error: The sandbox is not in sync with the Podfile.lock. Run 'pod install' or update your CocoaPods installation.\" >&2\n    exit 1\nfi\n# This output is used by Xcode 'outputs' to avoid re-running this script phase.\necho \"SUCCESS\" > \"${SCRIPT_OUTPUT_FILE_0}\"\n";
			showEnvVarsInLog = 0;
		};
		6E0FA6C6983B449678D3987C /* [CP] Check Pods Manifest.lock */ = {
			isa = PBXShellScriptBuildPhase;
			buildActionMask = 2147483647;
			files = (
			);
			inputFileListPaths = (
			);
			inputPaths = (
				"${PODS_PODFILE_DIR_PATH}/Podfile.lock",
				"${PODS_ROOT}/Manifest.lock",
			);
			name = "[CP] Check Pods Manifest.lock";
			outputFileListPaths = (
			);
			outputPaths = (
				"$(DERIVED_FILE_DIR)/Pods-DecafitTests-checkManifestLockResult.txt",
			);
			runOnlyForDeploymentPostprocessing = 0;
			shellPath = /bin/sh;
			shellScript = "diff \"${PODS_PODFILE_DIR_PATH}/Podfile.lock\" \"${PODS_ROOT}/Manifest.lock\" > /dev/null\nif [ $? != 0 ] ; then\n    # print error to STDERR\n    echo \"error: The sandbox is not in sync with the Podfile.lock. Run 'pod install' or update your CocoaPods installation.\" >&2\n    exit 1\nfi\n# This output is used by Xcode 'outputs' to avoid re-running this script phase.\necho \"SUCCESS\" > \"${SCRIPT_OUTPUT_FILE_0}\"\n";
			showEnvVarsInLog = 0;
		};
		B40AFB35288AC77300249820 /* ShellScript */ = {
			isa = PBXShellScriptBuildPhase;
			buildActionMask = 2147483647;
			files = (
			);
			inputFileListPaths = (
			);
			inputPaths = (
			);
			outputFileListPaths = (
			);
			outputPaths = (
			);
			runOnlyForDeploymentPostprocessing = 0;
			shellPath = /bin/sh;
			shellScript = "if which swiftlint > /dev/null; then\n  swiftlint\nelse\n  echo \"warning: SwiftLint not installed, download from https://github.com/realm/SwiftLint\"\nfi\n";
		};
		B431E91E28A4FCC8009769CB /* Apollo */ = {
			isa = PBXShellScriptBuildPhase;
			buildActionMask = 2147483647;
			files = (
			);
			inputFileListPaths = (
			);
			inputPaths = (
			);
			name = Apollo;
			outputFileListPaths = (
			);
			outputPaths = (
			);
			runOnlyForDeploymentPostprocessing = 0;
			shellPath = /bin/sh;
			shellScript = "# Don't run this during index builds\nif [ $ACTION = \"indexbuild\" ]; then exit 0; fi\n\n# Go to the build root and search up the chain to find the Derived Data Path where the source packages are checked out.\nDERIVED_DATA_CANDIDATE=\"${BUILD_ROOT}\"\n\nwhile ! [ -d \"${DERIVED_DATA_CANDIDATE}/SourcePackages\" ]; do\n  if [ \"${DERIVED_DATA_CANDIDATE}\" = / ]; then\n    echo >&2 \"error: Unable to locate SourcePackages directory from BUILD_ROOT: '${BUILD_ROOT}'\"\n    exit 1\n  fi\n\n  DERIVED_DATA_CANDIDATE=\"$(dirname \"${DERIVED_DATA_CANDIDATE}\")\"\ndone\n\n# Grab a reference to the directory where scripts are checked out\nSCRIPT_PATH=\"${DERIVED_DATA_CANDIDATE}/SourcePackages/checkouts/apollo-ios/scripts\"\n\nif [ -z \"${SCRIPT_PATH}\" ]; then\n    echo >&2 \"error: Couldn't find the CLI script in your checked out SPM packages; make sure to add the framework to your project.\"\n    exit 1\nfi\n\ncd \"${SRCROOT}/${TARGET_NAME}\"\n\"${SCRIPT_PATH}\"/run-bundled-codegen.sh codegen:generate --target=swift --includes=./**/*.graphql --localSchemaFile=\"schema.json\" API.swift\n";
		};
		B9FEB3C0B65013E93BE9E646 /* [CP] Check Pods Manifest.lock */ = {
			isa = PBXShellScriptBuildPhase;
			buildActionMask = 2147483647;
			files = (
			);
			inputFileListPaths = (
			);
			inputPaths = (
				"${PODS_PODFILE_DIR_PATH}/Podfile.lock",
				"${PODS_ROOT}/Manifest.lock",
			);
			name = "[CP] Check Pods Manifest.lock";
			outputFileListPaths = (
			);
			outputPaths = (
				"$(DERIVED_FILE_DIR)/Pods-Decafit-DecafitUITests-checkManifestLockResult.txt",
			);
			runOnlyForDeploymentPostprocessing = 0;
			shellPath = /bin/sh;
			shellScript = "diff \"${PODS_PODFILE_DIR_PATH}/Podfile.lock\" \"${PODS_ROOT}/Manifest.lock\" > /dev/null\nif [ $? != 0 ] ; then\n    # print error to STDERR\n    echo \"error: The sandbox is not in sync with the Podfile.lock. Run 'pod install' or update your CocoaPods installation.\" >&2\n    exit 1\nfi\n# This output is used by Xcode 'outputs' to avoid re-running this script phase.\necho \"SUCCESS\" > \"${SCRIPT_OUTPUT_FILE_0}\"\n";
			showEnvVarsInLog = 0;
		};
/* End PBXShellScriptBuildPhase section */

/* Begin PBXSourcesBuildPhase section */
		B47B5B0B287C147000EEC900 /* Sources */ = {
			isa = PBXSourcesBuildPhase;
			buildActionMask = 2147483647;
			files = (
				B4AB95B5288E932F00FE9C96 /* DecaStack.swift in Sources */,
				B4B96EA728936A2800E22B33 /* FitConfigViewController.swift in Sources */,
				B4B96E9F2892696200E22B33 /* TodaySessionView.swift in Sources */,
				B40AFB242887BD3600249820 /* CustomUIColor.swift in Sources */,
				B4AB95CF2891D3B000FE9C96 /* FocusAreaView.swift in Sources */,
				B40AFB292888143C00249820 /* SignupViewController+Extension.swift in Sources */,
				B44B3C21289B0093000C94D7 /* FocusAreaModel.swift in Sources */,
				B44B3C1B289A8ABE000C94D7 /* Images.swift in Sources */,
				B4E4C9CB289CA166008CD86D /* WorkoutModalView.swift in Sources */,
				B44B3C23289B0106000C94D7 /* TodaySessionModel.swift in Sources */,
				B44B3C27289B064A000C94D7 /* DataManager.swift in Sources */,
				B44B3C15289A879B000C94D7 /* Buttons.swift in Sources */,
				B44B3C0F289A714A000C94D7 /* Constants.swift in Sources */,
				B43631E0289D5AC80010976F /* StepsTakenView.swift in Sources */,
				B48A590A2886D684004D1BEA /* LoginViewController.swift in Sources */,
				B43631DC289D4BB30010976F /* ExerciseTimerViewController.swift in Sources */,
				B44B3C11289A7F57000C94D7 /* TextFields.swift in Sources */,
				B44B3C002897C7F0000C94D7 /* StartWorkoutViewController.swift in Sources */,
				B40AFB272888142100249820 /* SignupViewController.swift in Sources */,
				B44B3C25289B032D000C94D7 /* StartWorkoutModel.swift in Sources */,
				B44B3C0728982687000C94D7 /* CustomNavbar.swift in Sources */,
				B43631E2289DB8650010976F /* ProgressBar.swift in Sources */,
				B4E4C9C9289C4103008CD86D /* WorkoutPageTopview.swift in Sources */,
				B40AFB222887A2FA00249820 /* LoginViewController+Extension.swift in Sources */,
				B4B96EA12892697F00E22B33 /* TodayCollectionViewCell.swift in Sources */,
				B4AB95B7288E934E00FE9C96 /* DecaLabel.swift in Sources */,
				B47B5B17287C147000EEC900 /* HomeViewController.swift in Sources */,
				B4AB95CC2891D20D00FE9C96 /* FocusAreaCollectionViewCell.swift in Sources */,
				B40AFB2B288861A300249820 /* Extensions.swift in Sources */,
				B4AB95B9288EB0F600FE9C96 /* DecaImageView.swift in Sources */,
				B40AFB3A288ACE3F00249820 /* DecaButton.swift in Sources */,
				B44B3C052897C8CB000C94D7 /* StartWorkoutCell.swift in Sources */,
				B44B3C1D289A957D000C94D7 /* Alert.swift in Sources */,
				B431E92228A4FE76009769CB /* API.swift in Sources */,
				B40AFB38288ACE1D00249820 /* DecaTextField.swift in Sources */,
				B47B5B13287C147000EEC900 /* AppDelegate.swift in Sources */,
				B47B5B15287C147000EEC900 /* SceneDelegate.swift in Sources */,
				B40AFB202887990000249820 /* CustomUIFont.swift in Sources */,
				B48A59082886D583004D1BEA /* AuthManager.swift in Sources */,
				B43631DE289D4D770010976F /* ExerciseTimerView.swift in Sources */,
				B44B3C18289A893E000C94D7 /* Labels.swift in Sources */,
			);
			runOnlyForDeploymentPostprocessing = 0;
		};
		B47B5B21287C147300EEC900 /* Sources */ = {
			isa = PBXSourcesBuildPhase;
			buildActionMask = 2147483647;
			files = (
				B47B5B2A287C147300EEC900 /* DecafitTests.swift in Sources */,
			);
			runOnlyForDeploymentPostprocessing = 0;
		};
		B47B5B2C287C147300EEC900 /* Sources */ = {
			isa = PBXSourcesBuildPhase;
			buildActionMask = 2147483647;
			files = (
				B47B5B35287C147300EEC900 /* DecafitUITests.swift in Sources */,
			);
			runOnlyForDeploymentPostprocessing = 0;
		};
/* End PBXSourcesBuildPhase section */

/* Begin PBXTargetDependency section */
		B47B5B27287C147300EEC900 /* PBXTargetDependency */ = {
			isa = PBXTargetDependency;
			target = B47B5B0E287C147000EEC900 /* Decafit */;
			targetProxy = B47B5B26287C147300EEC900 /* PBXContainerItemProxy */;
		};
		B47B5B32287C147300EEC900 /* PBXTargetDependency */ = {
			isa = PBXTargetDependency;
			target = B47B5B0E287C147000EEC900 /* Decafit */;
			targetProxy = B47B5B31287C147300EEC900 /* PBXContainerItemProxy */;
		};
/* End PBXTargetDependency section */

/* Begin PBXVariantGroup section */
		B47B5B1D287C147300EEC900 /* LaunchScreen.storyboard */ = {
			isa = PBXVariantGroup;
			children = (
				B47B5B1E287C147300EEC900 /* Base */,
			);
			name = LaunchScreen.storyboard;
			sourceTree = "<group>";
		};
/* End PBXVariantGroup section */

/* Begin XCBuildConfiguration section */
		B47B5B37287C147300EEC900 /* Debug */ = {
			isa = XCBuildConfiguration;
			buildSettings = {
				ALWAYS_SEARCH_USER_PATHS = NO;
				CLANG_ANALYZER_NONNULL = YES;
				CLANG_ANALYZER_NUMBER_OBJECT_CONVERSION = YES_AGGRESSIVE;
				CLANG_CXX_LANGUAGE_STANDARD = "gnu++14";
				CLANG_CXX_LIBRARY = "libc++";
				CLANG_ENABLE_MODULES = YES;
				CLANG_ENABLE_OBJC_ARC = YES;
				CLANG_ENABLE_OBJC_WEAK = YES;
				CLANG_WARN_BLOCK_CAPTURE_AUTORELEASING = YES;
				CLANG_WARN_BOOL_CONVERSION = YES;
				CLANG_WARN_COMMA = YES;
				CLANG_WARN_CONSTANT_CONVERSION = YES;
				CLANG_WARN_DEPRECATED_OBJC_IMPLEMENTATIONS = YES;
				CLANG_WARN_DIRECT_OBJC_ISA_USAGE = YES_ERROR;
				CLANG_WARN_DOCUMENTATION_COMMENTS = YES;
				CLANG_WARN_EMPTY_BODY = YES;
				CLANG_WARN_ENUM_CONVERSION = YES;
				CLANG_WARN_INFINITE_RECURSION = YES;
				CLANG_WARN_INT_CONVERSION = YES;
				CLANG_WARN_NON_LITERAL_NULL_CONVERSION = YES;
				CLANG_WARN_OBJC_IMPLICIT_RETAIN_SELF = YES;
				CLANG_WARN_OBJC_LITERAL_CONVERSION = YES;
				CLANG_WARN_OBJC_ROOT_CLASS = YES_ERROR;
				CLANG_WARN_QUOTED_INCLUDE_IN_FRAMEWORK_HEADER = YES;
				CLANG_WARN_RANGE_LOOP_ANALYSIS = YES;
				CLANG_WARN_STRICT_PROTOTYPES = YES;
				CLANG_WARN_SUSPICIOUS_MOVE = YES;
				CLANG_WARN_UNGUARDED_AVAILABILITY = YES_AGGRESSIVE;
				CLANG_WARN_UNREACHABLE_CODE = YES;
				CLANG_WARN__DUPLICATE_METHOD_MATCH = YES;
				COPY_PHASE_STRIP = NO;
				DEBUG_INFORMATION_FORMAT = dwarf;
				ENABLE_STRICT_OBJC_MSGSEND = YES;
				ENABLE_TESTABILITY = YES;
				GCC_C_LANGUAGE_STANDARD = gnu11;
				GCC_DYNAMIC_NO_PIC = NO;
				GCC_NO_COMMON_BLOCKS = YES;
				GCC_OPTIMIZATION_LEVEL = 0;
				GCC_PREPROCESSOR_DEFINITIONS = (
					"DEBUG=1",
					"$(inherited)",
				);
				GCC_WARN_64_TO_32_BIT_CONVERSION = YES;
				GCC_WARN_ABOUT_RETURN_TYPE = YES_ERROR;
				GCC_WARN_UNDECLARED_SELECTOR = YES;
				GCC_WARN_UNINITIALIZED_AUTOS = YES_AGGRESSIVE;
				GCC_WARN_UNUSED_FUNCTION = YES;
				GCC_WARN_UNUSED_VARIABLE = YES;
				IPHONEOS_DEPLOYMENT_TARGET = 14.5;
				MTL_ENABLE_DEBUG_INFO = INCLUDE_SOURCE;
				MTL_FAST_MATH = YES;
				ONLY_ACTIVE_ARCH = YES;
				SDKROOT = iphoneos;
				SWIFT_ACTIVE_COMPILATION_CONDITIONS = DEBUG;
				SWIFT_OPTIMIZATION_LEVEL = "-Onone";
			};
			name = Debug;
		};
		B47B5B38287C147300EEC900 /* Release */ = {
			isa = XCBuildConfiguration;
			buildSettings = {
				ALWAYS_SEARCH_USER_PATHS = NO;
				CLANG_ANALYZER_NONNULL = YES;
				CLANG_ANALYZER_NUMBER_OBJECT_CONVERSION = YES_AGGRESSIVE;
				CLANG_CXX_LANGUAGE_STANDARD = "gnu++14";
				CLANG_CXX_LIBRARY = "libc++";
				CLANG_ENABLE_MODULES = YES;
				CLANG_ENABLE_OBJC_ARC = YES;
				CLANG_ENABLE_OBJC_WEAK = YES;
				CLANG_WARN_BLOCK_CAPTURE_AUTORELEASING = YES;
				CLANG_WARN_BOOL_CONVERSION = YES;
				CLANG_WARN_COMMA = YES;
				CLANG_WARN_CONSTANT_CONVERSION = YES;
				CLANG_WARN_DEPRECATED_OBJC_IMPLEMENTATIONS = YES;
				CLANG_WARN_DIRECT_OBJC_ISA_USAGE = YES_ERROR;
				CLANG_WARN_DOCUMENTATION_COMMENTS = YES;
				CLANG_WARN_EMPTY_BODY = YES;
				CLANG_WARN_ENUM_CONVERSION = YES;
				CLANG_WARN_INFINITE_RECURSION = YES;
				CLANG_WARN_INT_CONVERSION = YES;
				CLANG_WARN_NON_LITERAL_NULL_CONVERSION = YES;
				CLANG_WARN_OBJC_IMPLICIT_RETAIN_SELF = YES;
				CLANG_WARN_OBJC_LITERAL_CONVERSION = YES;
				CLANG_WARN_OBJC_ROOT_CLASS = YES_ERROR;
				CLANG_WARN_QUOTED_INCLUDE_IN_FRAMEWORK_HEADER = YES;
				CLANG_WARN_RANGE_LOOP_ANALYSIS = YES;
				CLANG_WARN_STRICT_PROTOTYPES = YES;
				CLANG_WARN_SUSPICIOUS_MOVE = YES;
				CLANG_WARN_UNGUARDED_AVAILABILITY = YES_AGGRESSIVE;
				CLANG_WARN_UNREACHABLE_CODE = YES;
				CLANG_WARN__DUPLICATE_METHOD_MATCH = YES;
				COPY_PHASE_STRIP = NO;
				DEBUG_INFORMATION_FORMAT = "dwarf-with-dsym";
				ENABLE_NS_ASSERTIONS = NO;
				ENABLE_STRICT_OBJC_MSGSEND = YES;
				GCC_C_LANGUAGE_STANDARD = gnu11;
				GCC_NO_COMMON_BLOCKS = YES;
				GCC_WARN_64_TO_32_BIT_CONVERSION = YES;
				GCC_WARN_ABOUT_RETURN_TYPE = YES_ERROR;
				GCC_WARN_UNDECLARED_SELECTOR = YES;
				GCC_WARN_UNINITIALIZED_AUTOS = YES_AGGRESSIVE;
				GCC_WARN_UNUSED_FUNCTION = YES;
				GCC_WARN_UNUSED_VARIABLE = YES;
				IPHONEOS_DEPLOYMENT_TARGET = 14.5;
				MTL_ENABLE_DEBUG_INFO = NO;
				MTL_FAST_MATH = YES;
				SDKROOT = iphoneos;
				SWIFT_COMPILATION_MODE = wholemodule;
				SWIFT_OPTIMIZATION_LEVEL = "-O";
				VALIDATE_PRODUCT = YES;
			};
			name = Release;
		};
		B47B5B3A287C147300EEC900 /* Debug */ = {
			isa = XCBuildConfiguration;
			baseConfigurationReference = 3E725D2D26D9A221628F8E76 /* Pods-Decafit.debug.xcconfig */;
			buildSettings = {
				ASSETCATALOG_COMPILER_APPICON_NAME = AppIcon;
				ASSETCATALOG_COMPILER_GLOBAL_ACCENT_COLOR_NAME = AccentColor;
				CODE_SIGN_ENTITLEMENTS = Decafit/Decafit.entitlements;
				CODE_SIGN_IDENTITY = "Apple Development";
				CODE_SIGN_STYLE = Automatic;
				DEVELOPMENT_TEAM = K5US6PZPYZ;
				INFOPLIST_FILE = Decafit/Info.plist;
				LD_RUNPATH_SEARCH_PATHS = (
					"$(inherited)",
					"@executable_path/Frameworks",
				);
				PRODUCT_BUNDLE_IDENTIFIER = com.ucwealth.Decafit;
				PRODUCT_NAME = "$(TARGET_NAME)";
				PROVISIONING_PROFILE_SPECIFIER = "";
				SWIFT_VERSION = 5.0;
				TARGETED_DEVICE_FAMILY = "1,2";
			};
			name = Debug;
		};
		B47B5B3B287C147300EEC900 /* Release */ = {
			isa = XCBuildConfiguration;
			baseConfigurationReference = 383967186BA0F75FB298D45B /* Pods-Decafit.release.xcconfig */;
			buildSettings = {
				ASSETCATALOG_COMPILER_APPICON_NAME = AppIcon;
				ASSETCATALOG_COMPILER_GLOBAL_ACCENT_COLOR_NAME = AccentColor;
				CODE_SIGN_ENTITLEMENTS = Decafit/Decafit.entitlements;
				CODE_SIGN_IDENTITY = "Apple Development";
				CODE_SIGN_STYLE = Automatic;
				DEVELOPMENT_TEAM = K5US6PZPYZ;
				INFOPLIST_FILE = Decafit/Info.plist;
				LD_RUNPATH_SEARCH_PATHS = (
					"$(inherited)",
					"@executable_path/Frameworks",
				);
				PRODUCT_BUNDLE_IDENTIFIER = com.ucwealth.Decafit;
				PRODUCT_NAME = "$(TARGET_NAME)";
				PROVISIONING_PROFILE_SPECIFIER = "";
				SWIFT_VERSION = 5.0;
				TARGETED_DEVICE_FAMILY = "1,2";
			};
			name = Release;
		};
		B47B5B3D287C147300EEC900 /* Debug */ = {
			isa = XCBuildConfiguration;
			baseConfigurationReference = 58EA5AC3021255C4F91480EA /* Pods-DecafitTests.debug.xcconfig */;
			buildSettings = {
				ALWAYS_EMBED_SWIFT_STANDARD_LIBRARIES = YES;
				BUNDLE_LOADER = "$(TEST_HOST)";
				CODE_SIGN_STYLE = Automatic;
				DEVELOPMENT_TEAM = 6MQ6RYJ3C2;
				INFOPLIST_FILE = DecafitTests/Info.plist;
				IPHONEOS_DEPLOYMENT_TARGET = 14.5;
				LD_RUNPATH_SEARCH_PATHS = (
					"$(inherited)",
					"@executable_path/Frameworks",
					"@loader_path/Frameworks",
				);
				PRODUCT_BUNDLE_IDENTIFIER = com.ucwealth.DecafitTests;
				PRODUCT_NAME = "$(TARGET_NAME)";
				SWIFT_VERSION = 5.0;
				TARGETED_DEVICE_FAMILY = "1,2";
				TEST_HOST = "$(BUILT_PRODUCTS_DIR)/Decafit.app/Decafit";
			};
			name = Debug;
		};
		B47B5B3E287C147300EEC900 /* Release */ = {
			isa = XCBuildConfiguration;
			baseConfigurationReference = B009CDFF4FF56B73D8484BAE /* Pods-DecafitTests.release.xcconfig */;
			buildSettings = {
				ALWAYS_EMBED_SWIFT_STANDARD_LIBRARIES = YES;
				BUNDLE_LOADER = "$(TEST_HOST)";
				CODE_SIGN_STYLE = Automatic;
				DEVELOPMENT_TEAM = 6MQ6RYJ3C2;
				INFOPLIST_FILE = DecafitTests/Info.plist;
				IPHONEOS_DEPLOYMENT_TARGET = 14.5;
				LD_RUNPATH_SEARCH_PATHS = (
					"$(inherited)",
					"@executable_path/Frameworks",
					"@loader_path/Frameworks",
				);
				PRODUCT_BUNDLE_IDENTIFIER = com.ucwealth.DecafitTests;
				PRODUCT_NAME = "$(TARGET_NAME)";
				SWIFT_VERSION = 5.0;
				TARGETED_DEVICE_FAMILY = "1,2";
				TEST_HOST = "$(BUILT_PRODUCTS_DIR)/Decafit.app/Decafit";
			};
			name = Release;
		};
		B47B5B40287C147300EEC900 /* Debug */ = {
			isa = XCBuildConfiguration;
			baseConfigurationReference = E09F5AB25E31C6DF910AF630 /* Pods-Decafit-DecafitUITests.debug.xcconfig */;
			buildSettings = {
				ALWAYS_EMBED_SWIFT_STANDARD_LIBRARIES = YES;
				CODE_SIGN_STYLE = Automatic;
				DEVELOPMENT_TEAM = 6MQ6RYJ3C2;
				INFOPLIST_FILE = DecafitUITests/Info.plist;
				LD_RUNPATH_SEARCH_PATHS = (
					"$(inherited)",
					"@executable_path/Frameworks",
					"@loader_path/Frameworks",
				);
				PRODUCT_BUNDLE_IDENTIFIER = com.ucwealth.DecafitUITests;
				PRODUCT_NAME = "$(TARGET_NAME)";
				SWIFT_VERSION = 5.0;
				TARGETED_DEVICE_FAMILY = "1,2";
				TEST_TARGET_NAME = Decafit;
			};
			name = Debug;
		};
		B47B5B41287C147300EEC900 /* Release */ = {
			isa = XCBuildConfiguration;
			baseConfigurationReference = 082D8533D4AEC9F1714D2BD8 /* Pods-Decafit-DecafitUITests.release.xcconfig */;
			buildSettings = {
				ALWAYS_EMBED_SWIFT_STANDARD_LIBRARIES = YES;
				CODE_SIGN_STYLE = Automatic;
				DEVELOPMENT_TEAM = 6MQ6RYJ3C2;
				INFOPLIST_FILE = DecafitUITests/Info.plist;
				LD_RUNPATH_SEARCH_PATHS = (
					"$(inherited)",
					"@executable_path/Frameworks",
					"@loader_path/Frameworks",
				);
				PRODUCT_BUNDLE_IDENTIFIER = com.ucwealth.DecafitUITests;
				PRODUCT_NAME = "$(TARGET_NAME)";
				SWIFT_VERSION = 5.0;
				TARGETED_DEVICE_FAMILY = "1,2";
				TEST_TARGET_NAME = Decafit;
			};
			name = Release;
		};
/* End XCBuildConfiguration section */

/* Begin XCConfigurationList section */
		B47B5B0A287C147000EEC900 /* Build configuration list for PBXProject "Decafit" */ = {
			isa = XCConfigurationList;
			buildConfigurations = (
				B47B5B37287C147300EEC900 /* Debug */,
				B47B5B38287C147300EEC900 /* Release */,
			);
			defaultConfigurationIsVisible = 0;
			defaultConfigurationName = Release;
		};
		B47B5B39287C147300EEC900 /* Build configuration list for PBXNativeTarget "Decafit" */ = {
			isa = XCConfigurationList;
			buildConfigurations = (
				B47B5B3A287C147300EEC900 /* Debug */,
				B47B5B3B287C147300EEC900 /* Release */,
			);
			defaultConfigurationIsVisible = 0;
			defaultConfigurationName = Release;
		};
		B47B5B3C287C147300EEC900 /* Build configuration list for PBXNativeTarget "DecafitTests" */ = {
			isa = XCConfigurationList;
			buildConfigurations = (
				B47B5B3D287C147300EEC900 /* Debug */,
				B47B5B3E287C147300EEC900 /* Release */,
			);
			defaultConfigurationIsVisible = 0;
			defaultConfigurationName = Release;
		};
		B47B5B3F287C147300EEC900 /* Build configuration list for PBXNativeTarget "DecafitUITests" */ = {
			isa = XCConfigurationList;
			buildConfigurations = (
				B47B5B40287C147300EEC900 /* Debug */,
				B47B5B41287C147300EEC900 /* Release */,
			);
			defaultConfigurationIsVisible = 0;
			defaultConfigurationName = Release;
		};
/* End XCConfigurationList section */

/* Begin XCRemoteSwiftPackageReference section */
		B431E91628A4FBFE009769CB /* XCRemoteSwiftPackageReference "apollo-ios" */ = {
			isa = XCRemoteSwiftPackageReference;
			repositoryURL = "https://github.com/apollographql/apollo-ios.git";
			requirement = {
				kind = upToNextMinorVersion;
				minimumVersion = 0.53.0;
			};
		};
/* End XCRemoteSwiftPackageReference section */

/* Begin XCSwiftPackageProductDependency section */
		B431E91728A4FBFE009769CB /* Apollo */ = {
			isa = XCSwiftPackageProductDependency;
			package = B431E91628A4FBFE009769CB /* XCRemoteSwiftPackageReference "apollo-ios" */;
			productName = Apollo;
		};
		B431E91928A4FBFE009769CB /* ApolloSQLite */ = {
			isa = XCSwiftPackageProductDependency;
			package = B431E91628A4FBFE009769CB /* XCRemoteSwiftPackageReference "apollo-ios" */;
			productName = ApolloSQLite;
		};
/* End XCSwiftPackageProductDependency section */
	};
	rootObject = B47B5B07287C147000EEC900 /* Project object */;
}
