// !$*UTF8*$!
{
	archiveVersion = 1;
	classes = {
	};
	objectVersion = 50;
	objects = {

/* Begin PBXBuildFile section */
		419A1309040F7FA7D834953B /* Pods_Decafit_DecafitUITests.framework in Frameworks */ = {isa = PBXBuildFile; fileRef = F5A45F2515A01D1403BDB39F /* Pods_Decafit_DecafitUITests.framework */; };
		840ABECD6FA397DC0E32DC90 /* Pods_DecafitTests.framework in Frameworks */ = {isa = PBXBuildFile; fileRef = 0834CB1C9C2E67D6107EFC02 /* Pods_DecafitTests.framework */; };
		B40AFAE02887974200249820 /* Poppins-ExtraLight.ttf in Resources */ = {isa = PBXBuildFile; fileRef = B40AFACD2887974200249820 /* Poppins-ExtraLight.ttf */; };
		B40AFAE12887974200249820 /* Poppins-ThinItalic.ttf in Resources */ = {isa = PBXBuildFile; fileRef = B40AFACE2887974200249820 /* Poppins-ThinItalic.ttf */; };
		B40AFAE22887974200249820 /* Poppins-ExtraLightItalic.ttf in Resources */ = {isa = PBXBuildFile; fileRef = B40AFACF2887974200249820 /* Poppins-ExtraLightItalic.ttf */; };
		B40AFAE32887974200249820 /* Poppins-BoldItalic.ttf in Resources */ = {isa = PBXBuildFile; fileRef = B40AFAD02887974200249820 /* Poppins-BoldItalic.ttf */; };
		B40AFAE42887974200249820 /* Poppins-Light.ttf in Resources */ = {isa = PBXBuildFile; fileRef = B40AFAD12887974200249820 /* Poppins-Light.ttf */; };
		B40AFAE52887974200249820 /* Poppins-Medium.ttf in Resources */ = {isa = PBXBuildFile; fileRef = B40AFAD22887974200249820 /* Poppins-Medium.ttf */; };
		B40AFAE62887974200249820 /* Poppins-SemiBoldItalic.ttf in Resources */ = {isa = PBXBuildFile; fileRef = B40AFAD32887974200249820 /* Poppins-SemiBoldItalic.ttf */; };
		B40AFAE72887974200249820 /* Poppins-ExtraBoldItalic.ttf in Resources */ = {isa = PBXBuildFile; fileRef = B40AFAD42887974200249820 /* Poppins-ExtraBoldItalic.ttf */; };
		B40AFAE82887974200249820 /* Poppins-ExtraBold.ttf in Resources */ = {isa = PBXBuildFile; fileRef = B40AFAD52887974200249820 /* Poppins-ExtraBold.ttf */; };
		B40AFAE92887974200249820 /* Poppins-BlackItalic.ttf in Resources */ = {isa = PBXBuildFile; fileRef = B40AFAD62887974200249820 /* Poppins-BlackItalic.ttf */; };
		B40AFAEA2887974200249820 /* OFL.txt in Resources */ = {isa = PBXBuildFile; fileRef = B40AFAD72887974200249820 /* OFL.txt */; };
		B40AFAEB2887974200249820 /* Poppins-Regular.ttf in Resources */ = {isa = PBXBuildFile; fileRef = B40AFAD82887974200249820 /* Poppins-Regular.ttf */; };
		B40AFAEC2887974200249820 /* Poppins-LightItalic.ttf in Resources */ = {isa = PBXBuildFile; fileRef = B40AFAD92887974200249820 /* Poppins-LightItalic.ttf */; };
		B40AFAED2887974200249820 /* Poppins-Bold.ttf in Resources */ = {isa = PBXBuildFile; fileRef = B40AFADA2887974200249820 /* Poppins-Bold.ttf */; };
		B40AFAEE2887974200249820 /* Poppins-Black.ttf in Resources */ = {isa = PBXBuildFile; fileRef = B40AFADB2887974200249820 /* Poppins-Black.ttf */; };
		B40AFAEF2887974200249820 /* Poppins-Thin.ttf in Resources */ = {isa = PBXBuildFile; fileRef = B40AFADC2887974200249820 /* Poppins-Thin.ttf */; };
		B40AFAF02887974200249820 /* Poppins-SemiBold.ttf in Resources */ = {isa = PBXBuildFile; fileRef = B40AFADD2887974200249820 /* Poppins-SemiBold.ttf */; };
		B40AFAF12887974200249820 /* Poppins-Italic.ttf in Resources */ = {isa = PBXBuildFile; fileRef = B40AFADE2887974200249820 /* Poppins-Italic.ttf */; };
		B40AFAF22887974200249820 /* Poppins-MediumItalic.ttf in Resources */ = {isa = PBXBuildFile; fileRef = B40AFADF2887974200249820 /* Poppins-MediumItalic.ttf */; };
		B40AFB152887983C00249820 /* Ubuntu-Medium.ttf in Resources */ = {isa = PBXBuildFile; fileRef = B40AFB0C2887983C00249820 /* Ubuntu-Medium.ttf */; };
		B40AFB162887983C00249820 /* Ubuntu-LightItalic.ttf in Resources */ = {isa = PBXBuildFile; fileRef = B40AFB0D2887983C00249820 /* Ubuntu-LightItalic.ttf */; };
		B40AFB172887983C00249820 /* Ubuntu-Regular.ttf in Resources */ = {isa = PBXBuildFile; fileRef = B40AFB0E2887983C00249820 /* Ubuntu-Regular.ttf */; };
		B40AFB182887983C00249820 /* Ubuntu-Bold.ttf in Resources */ = {isa = PBXBuildFile; fileRef = B40AFB0F2887983C00249820 /* Ubuntu-Bold.ttf */; };
		B40AFB192887983C00249820 /* Ubuntu-MediumItalic.ttf in Resources */ = {isa = PBXBuildFile; fileRef = B40AFB102887983C00249820 /* Ubuntu-MediumItalic.ttf */; };
		B40AFB1A2887983C00249820 /* Ubuntu-BoldItalic.ttf in Resources */ = {isa = PBXBuildFile; fileRef = B40AFB112887983C00249820 /* Ubuntu-BoldItalic.ttf */; };
		B40AFB1B2887983C00249820 /* Ubuntu-Italic.ttf in Resources */ = {isa = PBXBuildFile; fileRef = B40AFB122887983C00249820 /* Ubuntu-Italic.ttf */; };
		B40AFB1C2887983C00249820 /* Ubuntu-Light.ttf in Resources */ = {isa = PBXBuildFile; fileRef = B40AFB132887983C00249820 /* Ubuntu-Light.ttf */; };
		B40AFB1D2887983C00249820 /* UFL.txt in Resources */ = {isa = PBXBuildFile; fileRef = B40AFB142887983C00249820 /* UFL.txt */; };
		B40AFB202887990000249820 /* CustomUIFont.swift in Sources */ = {isa = PBXBuildFile; fileRef = B40AFB1F2887990000249820 /* CustomUIFont.swift */; };
		B40AFB222887A2FA00249820 /* LoginViewController+Extension.swift in Sources */ = {isa = PBXBuildFile; fileRef = B40AFB212887A2FA00249820 /* LoginViewController+Extension.swift */; };
		B40AFB242887BD3600249820 /* CustomUIColor.swift in Sources */ = {isa = PBXBuildFile; fileRef = B40AFB232887BD3600249820 /* CustomUIColor.swift */; };
		B40AFB272888142100249820 /* SignupViewController.swift in Sources */ = {isa = PBXBuildFile; fileRef = B40AFB262888142100249820 /* SignupViewController.swift */; };
		B40AFB292888143C00249820 /* SignupViewController+Extension.swift in Sources */ = {isa = PBXBuildFile; fileRef = B40AFB282888143C00249820 /* SignupViewController+Extension.swift */; };
		B40AFB2B288861A300249820 /* Extensions.swift in Sources */ = {isa = PBXBuildFile; fileRef = B40AFB2A288861A300249820 /* Extensions.swift */; };
		B40AFB322889AB1C00249820 /* AudioToolbox.framework in Frameworks */ = {isa = PBXBuildFile; fileRef = B40AFB312889AB1C00249820 /* AudioToolbox.framework */; };
		B40AFB38288ACE1D00249820 /* DecaTextField.swift in Sources */ = {isa = PBXBuildFile; fileRef = B40AFB37288ACE1D00249820 /* DecaTextField.swift */; };
		B40AFB3A288ACE3F00249820 /* DecaButton.swift in Sources */ = {isa = PBXBuildFile; fileRef = B40AFB39288ACE3F00249820 /* DecaButton.swift */; };
		B47B5B13287C147000EEC900 /* AppDelegate.swift in Sources */ = {isa = PBXBuildFile; fileRef = B47B5B12287C147000EEC900 /* AppDelegate.swift */; };
		B47B5B15287C147000EEC900 /* SceneDelegate.swift in Sources */ = {isa = PBXBuildFile; fileRef = B47B5B14287C147000EEC900 /* SceneDelegate.swift */; };
		B47B5B17287C147000EEC900 /* HomeViewController.swift in Sources */ = {isa = PBXBuildFile; fileRef = B47B5B16287C147000EEC900 /* HomeViewController.swift */; };
		B47B5B1C287C147300EEC900 /* Assets.xcassets in Resources */ = {isa = PBXBuildFile; fileRef = B47B5B1B287C147300EEC900 /* Assets.xcassets */; };
		B47B5B1F287C147300EEC900 /* LaunchScreen.storyboard in Resources */ = {isa = PBXBuildFile; fileRef = B47B5B1D287C147300EEC900 /* LaunchScreen.storyboard */; };
		B47B5B2A287C147300EEC900 /* DecafitTests.swift in Sources */ = {isa = PBXBuildFile; fileRef = B47B5B29287C147300EEC900 /* DecafitTests.swift */; };
		B47B5B35287C147300EEC900 /* DecafitUITests.swift in Sources */ = {isa = PBXBuildFile; fileRef = B47B5B34287C147300EEC900 /* DecafitUITests.swift */; };
		B48A59082886D583004D1BEA /* AuthManager.swift in Sources */ = {isa = PBXBuildFile; fileRef = B48A59072886D583004D1BEA /* AuthManager.swift */; };
		B48A590A2886D684004D1BEA /* LoginViewController.swift in Sources */ = {isa = PBXBuildFile; fileRef = B48A59092886D684004D1BEA /* LoginViewController.swift */; };
		B4AB95B5288E932F00FE9C96 /* DecaStack.swift in Sources */ = {isa = PBXBuildFile; fileRef = B4AB95B4288E932F00FE9C96 /* DecaStack.swift */; };
		B4AB95B7288E934E00FE9C96 /* DecaLabel.swift in Sources */ = {isa = PBXBuildFile; fileRef = B4AB95B6288E934E00FE9C96 /* DecaLabel.swift */; };
		B4AB95B9288EB0F600FE9C96 /* DecaImageView.swift in Sources */ = {isa = PBXBuildFile; fileRef = B4AB95B8288EB0F600FE9C96 /* DecaImageView.swift */; };
		B4AB95C12891A70C00FE9C96 /* TabBarController.swift in Sources */ = {isa = PBXBuildFile; fileRef = B4AB95C02891A70C00FE9C96 /* TabBarController.swift */; };
		B4AB95C32891A85600FE9C96 /* WindowsViewController.swift in Sources */ = {isa = PBXBuildFile; fileRef = B4AB95C22891A85600FE9C96 /* WindowsViewController.swift */; };
		B4AB95C52891A87100FE9C96 /* CalenderViewController.swift in Sources */ = {isa = PBXBuildFile; fileRef = B4AB95C42891A87100FE9C96 /* CalenderViewController.swift */; };
		B4AB95C72891A88300FE9C96 /* SearchViewController.swift in Sources */ = {isa = PBXBuildFile; fileRef = B4AB95C62891A88300FE9C96 /* SearchViewController.swift */; };
		B4AB95CA2891A92F00FE9C96 /* LogsViewController.swift in Sources */ = {isa = PBXBuildFile; fileRef = B4AB95C92891A92F00FE9C96 /* LogsViewController.swift */; };
		E9EDA8C619805CC18DD608E6 /* Pods_Decafit.framework in Frameworks */ = {isa = PBXBuildFile; fileRef = 48853A80EF7AD9413CD9484E /* Pods_Decafit.framework */; };
/* End PBXBuildFile section */

/* Begin PBXContainerItemProxy section */
		B47B5B26287C147300EEC900 /* PBXContainerItemProxy */ = {
			isa = PBXContainerItemProxy;
			containerPortal = B47B5B07287C147000EEC900 /* Project object */;
			proxyType = 1;
			remoteGlobalIDString = B47B5B0E287C147000EEC900;
			remoteInfo = Decafit;
		};
		B47B5B31287C147300EEC900 /* PBXContainerItemProxy */ = {
			isa = PBXContainerItemProxy;
			containerPortal = B47B5B07287C147000EEC900 /* Project object */;
			proxyType = 1;
			remoteGlobalIDString = B47B5B0E287C147000EEC900;
			remoteInfo = Decafit;
		};
/* End PBXContainerItemProxy section */

/* Begin PBXFileReference section */
		082D8533D4AEC9F1714D2BD8 /* Pods-Decafit-DecafitUITests.release.xcconfig */ = {isa = PBXFileReference; includeInIndex = 1; lastKnownFileType = text.xcconfig; name = "Pods-Decafit-DecafitUITests.release.xcconfig"; path = "Target Support Files/Pods-Decafit-DecafitUITests/Pods-Decafit-DecafitUITests.release.xcconfig"; sourceTree = "<group>"; };
		0834CB1C9C2E67D6107EFC02 /* Pods_DecafitTests.framework */ = {isa = PBXFileReference; explicitFileType = wrapper.framework; includeInIndex = 0; path = Pods_DecafitTests.framework; sourceTree = BUILT_PRODUCTS_DIR; };
		383967186BA0F75FB298D45B /* Pods-Decafit.release.xcconfig */ = {isa = PBXFileReference; includeInIndex = 1; lastKnownFileType = text.xcconfig; name = "Pods-Decafit.release.xcconfig"; path = "Target Support Files/Pods-Decafit/Pods-Decafit.release.xcconfig"; sourceTree = "<group>"; };
		3E725D2D26D9A221628F8E76 /* Pods-Decafit.debug.xcconfig */ = {isa = PBXFileReference; includeInIndex = 1; lastKnownFileType = text.xcconfig; name = "Pods-Decafit.debug.xcconfig"; path = "Target Support Files/Pods-Decafit/Pods-Decafit.debug.xcconfig"; sourceTree = "<group>"; };
		48853A80EF7AD9413CD9484E /* Pods_Decafit.framework */ = {isa = PBXFileReference; explicitFileType = wrapper.framework; includeInIndex = 0; path = Pods_Decafit.framework; sourceTree = BUILT_PRODUCTS_DIR; };
		58EA5AC3021255C4F91480EA /* Pods-DecafitTests.debug.xcconfig */ = {isa = PBXFileReference; includeInIndex = 1; lastKnownFileType = text.xcconfig; name = "Pods-DecafitTests.debug.xcconfig"; path = "Target Support Files/Pods-DecafitTests/Pods-DecafitTests.debug.xcconfig"; sourceTree = "<group>"; };
		B009CDFF4FF56B73D8484BAE /* Pods-DecafitTests.release.xcconfig */ = {isa = PBXFileReference; includeInIndex = 1; lastKnownFileType = text.xcconfig; name = "Pods-DecafitTests.release.xcconfig"; path = "Target Support Files/Pods-DecafitTests/Pods-DecafitTests.release.xcconfig"; sourceTree = "<group>"; };
		B40AFACD2887974200249820 /* Poppins-ExtraLight.ttf */ = {isa = PBXFileReference; lastKnownFileType = file; path = "Poppins-ExtraLight.ttf"; sourceTree = "<group>"; };
		B40AFACE2887974200249820 /* Poppins-ThinItalic.ttf */ = {isa = PBXFileReference; lastKnownFileType = file; path = "Poppins-ThinItalic.ttf"; sourceTree = "<group>"; };
		B40AFACF2887974200249820 /* Poppins-ExtraLightItalic.ttf */ = {isa = PBXFileReference; lastKnownFileType = file; path = "Poppins-ExtraLightItalic.ttf"; sourceTree = "<group>"; };
		B40AFAD02887974200249820 /* Poppins-BoldItalic.ttf */ = {isa = PBXFileReference; lastKnownFileType = file; path = "Poppins-BoldItalic.ttf"; sourceTree = "<group>"; };
		B40AFAD12887974200249820 /* Poppins-Light.ttf */ = {isa = PBXFileReference; lastKnownFileType = file; path = "Poppins-Light.ttf"; sourceTree = "<group>"; };
		B40AFAD22887974200249820 /* Poppins-Medium.ttf */ = {isa = PBXFileReference; lastKnownFileType = file; path = "Poppins-Medium.ttf"; sourceTree = "<group>"; };
		B40AFAD32887974200249820 /* Poppins-SemiBoldItalic.ttf */ = {isa = PBXFileReference; lastKnownFileType = file; path = "Poppins-SemiBoldItalic.ttf"; sourceTree = "<group>"; };
		B40AFAD42887974200249820 /* Poppins-ExtraBoldItalic.ttf */ = {isa = PBXFileReference; lastKnownFileType = file; path = "Poppins-ExtraBoldItalic.ttf"; sourceTree = "<group>"; };
		B40AFAD52887974200249820 /* Poppins-ExtraBold.ttf */ = {isa = PBXFileReference; lastKnownFileType = file; path = "Poppins-ExtraBold.ttf"; sourceTree = "<group>"; };
		B40AFAD62887974200249820 /* Poppins-BlackItalic.ttf */ = {isa = PBXFileReference; lastKnownFileType = file; path = "Poppins-BlackItalic.ttf"; sourceTree = "<group>"; };
		B40AFAD72887974200249820 /* OFL.txt */ = {isa = PBXFileReference; fileEncoding = 4; lastKnownFileType = text; path = OFL.txt; sourceTree = "<group>"; };
		B40AFAD82887974200249820 /* Poppins-Regular.ttf */ = {isa = PBXFileReference; lastKnownFileType = file; path = "Poppins-Regular.ttf"; sourceTree = "<group>"; };
		B40AFAD92887974200249820 /* Poppins-LightItalic.ttf */ = {isa = PBXFileReference; lastKnownFileType = file; path = "Poppins-LightItalic.ttf"; sourceTree = "<group>"; };
		B40AFADA2887974200249820 /* Poppins-Bold.ttf */ = {isa = PBXFileReference; lastKnownFileType = file; path = "Poppins-Bold.ttf"; sourceTree = "<group>"; };
		B40AFADB2887974200249820 /* Poppins-Black.ttf */ = {isa = PBXFileReference; lastKnownFileType = file; path = "Poppins-Black.ttf"; sourceTree = "<group>"; };
		B40AFADC2887974200249820 /* Poppins-Thin.ttf */ = {isa = PBXFileReference; lastKnownFileType = file; path = "Poppins-Thin.ttf"; sourceTree = "<group>"; };
		B40AFADD2887974200249820 /* Poppins-SemiBold.ttf */ = {isa = PBXFileReference; lastKnownFileType = file; path = "Poppins-SemiBold.ttf"; sourceTree = "<group>"; };
		B40AFADE2887974200249820 /* Poppins-Italic.ttf */ = {isa = PBXFileReference; lastKnownFileType = file; path = "Poppins-Italic.ttf"; sourceTree = "<group>"; };
		B40AFADF2887974200249820 /* Poppins-MediumItalic.ttf */ = {isa = PBXFileReference; lastKnownFileType = file; path = "Poppins-MediumItalic.ttf"; sourceTree = "<group>"; };
		B40AFB0C2887983C00249820 /* Ubuntu-Medium.ttf */ = {isa = PBXFileReference; lastKnownFileType = file; path = "Ubuntu-Medium.ttf"; sourceTree = "<group>"; };
		B40AFB0D2887983C00249820 /* Ubuntu-LightItalic.ttf */ = {isa = PBXFileReference; lastKnownFileType = file; path = "Ubuntu-LightItalic.ttf"; sourceTree = "<group>"; };
		B40AFB0E2887983C00249820 /* Ubuntu-Regular.ttf */ = {isa = PBXFileReference; lastKnownFileType = file; path = "Ubuntu-Regular.ttf"; sourceTree = "<group>"; };
		B40AFB0F2887983C00249820 /* Ubuntu-Bold.ttf */ = {isa = PBXFileReference; lastKnownFileType = file; path = "Ubuntu-Bold.ttf"; sourceTree = "<group>"; };
		B40AFB102887983C00249820 /* Ubuntu-MediumItalic.ttf */ = {isa = PBXFileReference; lastKnownFileType = file; path = "Ubuntu-MediumItalic.ttf"; sourceTree = "<group>"; };
		B40AFB112887983C00249820 /* Ubuntu-BoldItalic.ttf */ = {isa = PBXFileReference; lastKnownFileType = file; path = "Ubuntu-BoldItalic.ttf"; sourceTree = "<group>"; };
		B40AFB122887983C00249820 /* Ubuntu-Italic.ttf */ = {isa = PBXFileReference; lastKnownFileType = file; path = "Ubuntu-Italic.ttf"; sourceTree = "<group>"; };
		B40AFB132887983C00249820 /* Ubuntu-Light.ttf */ = {isa = PBXFileReference; lastKnownFileType = file; path = "Ubuntu-Light.ttf"; sourceTree = "<group>"; };
		B40AFB142887983C00249820 /* UFL.txt */ = {isa = PBXFileReference; fileEncoding = 4; lastKnownFileType = text; path = UFL.txt; sourceTree = "<group>"; };
		B40AFB1F2887990000249820 /* CustomUIFont.swift */ = {isa = PBXFileReference; lastKnownFileType = sourcecode.swift; path = CustomUIFont.swift; sourceTree = "<group>"; };
		B40AFB212887A2FA00249820 /* LoginViewController+Extension.swift */ = {isa = PBXFileReference; lastKnownFileType = sourcecode.swift; path = "LoginViewController+Extension.swift"; sourceTree = "<group>"; };
		B40AFB232887BD3600249820 /* CustomUIColor.swift */ = {isa = PBXFileReference; lastKnownFileType = sourcecode.swift; path = CustomUIColor.swift; sourceTree = "<group>"; };
		B40AFB262888142100249820 /* SignupViewController.swift */ = {isa = PBXFileReference; lastKnownFileType = sourcecode.swift; path = SignupViewController.swift; sourceTree = "<group>"; };
		B40AFB282888143C00249820 /* SignupViewController+Extension.swift */ = {isa = PBXFileReference; lastKnownFileType = sourcecode.swift; path = "SignupViewController+Extension.swift"; sourceTree = "<group>"; };
		B40AFB2A288861A300249820 /* Extensions.swift */ = {isa = PBXFileReference; lastKnownFileType = sourcecode.swift; path = Extensions.swift; sourceTree = "<group>"; };
		B40AFB312889AB1C00249820 /* AudioToolbox.framework */ = {isa = PBXFileReference; lastKnownFileType = wrapper.framework; name = AudioToolbox.framework; path = System/Library/Frameworks/AudioToolbox.framework; sourceTree = SDKROOT; };
		B40AFB37288ACE1D00249820 /* DecaTextField.swift */ = {isa = PBXFileReference; lastKnownFileType = sourcecode.swift; path = DecaTextField.swift; sourceTree = "<group>"; };
		B40AFB39288ACE3F00249820 /* DecaButton.swift */ = {isa = PBXFileReference; lastKnownFileType = sourcecode.swift; path = DecaButton.swift; sourceTree = "<group>"; };
		B47B5B0F287C147000EEC900 /* Decafit.app */ = {isa = PBXFileReference; explicitFileType = wrapper.application; includeInIndex = 0; path = Decafit.app; sourceTree = BUILT_PRODUCTS_DIR; };
		B47B5B12287C147000EEC900 /* AppDelegate.swift */ = {isa = PBXFileReference; lastKnownFileType = sourcecode.swift; path = AppDelegate.swift; sourceTree = "<group>"; };
		B47B5B14287C147000EEC900 /* SceneDelegate.swift */ = {isa = PBXFileReference; lastKnownFileType = sourcecode.swift; path = SceneDelegate.swift; sourceTree = "<group>"; };
		B47B5B16287C147000EEC900 /* HomeViewController.swift */ = {isa = PBXFileReference; lastKnownFileType = sourcecode.swift; path = HomeViewController.swift; sourceTree = "<group>"; };
		B47B5B1B287C147300EEC900 /* Assets.xcassets */ = {isa = PBXFileReference; lastKnownFileType = folder.assetcatalog; path = Assets.xcassets; sourceTree = "<group>"; };
		B47B5B1E287C147300EEC900 /* Base */ = {isa = PBXFileReference; lastKnownFileType = file.storyboard; name = Base; path = Base.lproj/LaunchScreen.storyboard; sourceTree = "<group>"; };
		B47B5B20287C147300EEC900 /* Info.plist */ = {isa = PBXFileReference; lastKnownFileType = text.plist.xml; path = Info.plist; sourceTree = "<group>"; };
		B47B5B25287C147300EEC900 /* DecafitTests.xctest */ = {isa = PBXFileReference; explicitFileType = wrapper.cfbundle; includeInIndex = 0; path = DecafitTests.xctest; sourceTree = BUILT_PRODUCTS_DIR; };
		B47B5B29287C147300EEC900 /* DecafitTests.swift */ = {isa = PBXFileReference; lastKnownFileType = sourcecode.swift; path = DecafitTests.swift; sourceTree = "<group>"; };
		B47B5B2B287C147300EEC900 /* Info.plist */ = {isa = PBXFileReference; lastKnownFileType = text.plist.xml; path = Info.plist; sourceTree = "<group>"; };
		B47B5B30287C147300EEC900 /* DecafitUITests.xctest */ = {isa = PBXFileReference; explicitFileType = wrapper.cfbundle; includeInIndex = 0; path = DecafitUITests.xctest; sourceTree = BUILT_PRODUCTS_DIR; };
		B47B5B34287C147300EEC900 /* DecafitUITests.swift */ = {isa = PBXFileReference; lastKnownFileType = sourcecode.swift; path = DecafitUITests.swift; sourceTree = "<group>"; };
		B47B5B36287C147300EEC900 /* Info.plist */ = {isa = PBXFileReference; lastKnownFileType = text.plist.xml; path = Info.plist; sourceTree = "<group>"; };
		B48A59072886D583004D1BEA /* AuthManager.swift */ = {isa = PBXFileReference; lastKnownFileType = sourcecode.swift; path = AuthManager.swift; sourceTree = "<group>"; };
		B48A59092886D684004D1BEA /* LoginViewController.swift */ = {isa = PBXFileReference; lastKnownFileType = sourcecode.swift; path = LoginViewController.swift; sourceTree = "<group>"; };
		B4AB95B4288E932F00FE9C96 /* DecaStack.swift */ = {isa = PBXFileReference; lastKnownFileType = sourcecode.swift; path = DecaStack.swift; sourceTree = "<group>"; };
		B4AB95B6288E934E00FE9C96 /* DecaLabel.swift */ = {isa = PBXFileReference; lastKnownFileType = sourcecode.swift; path = DecaLabel.swift; sourceTree = "<group>"; };
		B4AB95B8288EB0F600FE9C96 /* DecaImageView.swift */ = {isa = PBXFileReference; lastKnownFileType = sourcecode.swift; path = DecaImageView.swift; sourceTree = "<group>"; };
		B4AB95C02891A70C00FE9C96 /* TabBarController.swift */ = {isa = PBXFileReference; lastKnownFileType = sourcecode.swift; path = TabBarController.swift; sourceTree = "<group>"; };
		B4AB95C22891A85600FE9C96 /* WindowsViewController.swift */ = {isa = PBXFileReference; lastKnownFileType = sourcecode.swift; path = WindowsViewController.swift; sourceTree = "<group>"; };
		B4AB95C42891A87100FE9C96 /* CalenderViewController.swift */ = {isa = PBXFileReference; lastKnownFileType = sourcecode.swift; path = CalenderViewController.swift; sourceTree = "<group>"; };
		B4AB95C62891A88300FE9C96 /* SearchViewController.swift */ = {isa = PBXFileReference; lastKnownFileType = sourcecode.swift; path = SearchViewController.swift; sourceTree = "<group>"; };
		B4AB95C92891A92F00FE9C96 /* LogsViewController.swift */ = {isa = PBXFileReference; lastKnownFileType = sourcecode.swift; path = LogsViewController.swift; sourceTree = "<group>"; };
		E09F5AB25E31C6DF910AF630 /* Pods-Decafit-DecafitUITests.debug.xcconfig */ = {isa = PBXFileReference; includeInIndex = 1; lastKnownFileType = text.xcconfig; name = "Pods-Decafit-DecafitUITests.debug.xcconfig"; path = "Target Support Files/Pods-Decafit-DecafitUITests/Pods-Decafit-DecafitUITests.debug.xcconfig"; sourceTree = "<group>"; };
		F5A45F2515A01D1403BDB39F /* Pods_Decafit_DecafitUITests.framework */ = {isa = PBXFileReference; explicitFileType = wrapper.framework; includeInIndex = 0; path = Pods_Decafit_DecafitUITests.framework; sourceTree = BUILT_PRODUCTS_DIR; };
/* End PBXFileReference section */

/* Begin PBXFrameworksBuildPhase section */
		B47B5B0C287C147000EEC900 /* Frameworks */ = {
			isa = PBXFrameworksBuildPhase;
			buildActionMask = 2147483647;
			files = (
				B40AFB322889AB1C00249820 /* AudioToolbox.framework in Frameworks */,
				E9EDA8C619805CC18DD608E6 /* Pods_Decafit.framework in Frameworks */,
			);
			runOnlyForDeploymentPostprocessing = 0;
		};
		B47B5B22287C147300EEC900 /* Frameworks */ = {
			isa = PBXFrameworksBuildPhase;
			buildActionMask = 2147483647;
			files = (
				840ABECD6FA397DC0E32DC90 /* Pods_DecafitTests.framework in Frameworks */,
			);
			runOnlyForDeploymentPostprocessing = 0;
		};
		B47B5B2D287C147300EEC900 /* Frameworks */ = {
			isa = PBXFrameworksBuildPhase;
			buildActionMask = 2147483647;
			files = (
				419A1309040F7FA7D834953B /* Pods_Decafit_DecafitUITests.framework in Frameworks */,
			);
			runOnlyForDeploymentPostprocessing = 0;
		};
/* End PBXFrameworksBuildPhase section */

/* Begin PBXGroup section */
		71DF92A12D10BA8E43157B2E /* Pods */ = {
			isa = PBXGroup;
			children = (
				3E725D2D26D9A221628F8E76 /* Pods-Decafit.debug.xcconfig */,
				383967186BA0F75FB298D45B /* Pods-Decafit.release.xcconfig */,
				E09F5AB25E31C6DF910AF630 /* Pods-Decafit-DecafitUITests.debug.xcconfig */,
				082D8533D4AEC9F1714D2BD8 /* Pods-Decafit-DecafitUITests.release.xcconfig */,
				58EA5AC3021255C4F91480EA /* Pods-DecafitTests.debug.xcconfig */,
				B009CDFF4FF56B73D8484BAE /* Pods-DecafitTests.release.xcconfig */,
			);
			path = Pods;
			sourceTree = "<group>";
		};
		B40AFAC828878CD700249820 /* Login */ = {
			isa = PBXGroup;
			children = (
				B48A59092886D684004D1BEA /* LoginViewController.swift */,
				B40AFB212887A2FA00249820 /* LoginViewController+Extension.swift */,
			);
			path = Login;
			sourceTree = "<group>";
		};
		B40AFACB2887970700249820 /* Fonts */ = {
			isa = PBXGroup;
			children = (
				B40AFB0B2887983C00249820 /* Ubuntu */,
				B40AFACC2887974200249820 /* Poppins */,
			);
			path = Fonts;
			sourceTree = "<group>";
		};
		B40AFACC2887974200249820 /* Poppins */ = {
			isa = PBXGroup;
			children = (
				B40AFACD2887974200249820 /* Poppins-ExtraLight.ttf */,
				B40AFACE2887974200249820 /* Poppins-ThinItalic.ttf */,
				B40AFACF2887974200249820 /* Poppins-ExtraLightItalic.ttf */,
				B40AFAD02887974200249820 /* Poppins-BoldItalic.ttf */,
				B40AFAD12887974200249820 /* Poppins-Light.ttf */,
				B40AFAD22887974200249820 /* Poppins-Medium.ttf */,
				B40AFAD32887974200249820 /* Poppins-SemiBoldItalic.ttf */,
				B40AFAD42887974200249820 /* Poppins-ExtraBoldItalic.ttf */,
				B40AFAD52887974200249820 /* Poppins-ExtraBold.ttf */,
				B40AFAD62887974200249820 /* Poppins-BlackItalic.ttf */,
				B40AFAD72887974200249820 /* OFL.txt */,
				B40AFAD82887974200249820 /* Poppins-Regular.ttf */,
				B40AFAD92887974200249820 /* Poppins-LightItalic.ttf */,
				B40AFADA2887974200249820 /* Poppins-Bold.ttf */,
				B40AFADB2887974200249820 /* Poppins-Black.ttf */,
				B40AFADC2887974200249820 /* Poppins-Thin.ttf */,
				B40AFADD2887974200249820 /* Poppins-SemiBold.ttf */,
				B40AFADE2887974200249820 /* Poppins-Italic.ttf */,
				B40AFADF2887974200249820 /* Poppins-MediumItalic.ttf */,
			);
			path = Poppins;
			sourceTree = "<group>";
		};
		B40AFB0B2887983C00249820 /* Ubuntu */ = {
			isa = PBXGroup;
			children = (
				B40AFB0C2887983C00249820 /* Ubuntu-Medium.ttf */,
				B40AFB0D2887983C00249820 /* Ubuntu-LightItalic.ttf */,
				B40AFB0E2887983C00249820 /* Ubuntu-Regular.ttf */,
				B40AFB0F2887983C00249820 /* Ubuntu-Bold.ttf */,
				B40AFB102887983C00249820 /* Ubuntu-MediumItalic.ttf */,
				B40AFB112887983C00249820 /* Ubuntu-BoldItalic.ttf */,
				B40AFB122887983C00249820 /* Ubuntu-Italic.ttf */,
				B40AFB132887983C00249820 /* Ubuntu-Light.ttf */,
				B40AFB142887983C00249820 /* UFL.txt */,
			);
			path = Ubuntu;
			sourceTree = "<group>";
		};
		B40AFB1E288798E200249820 /* Common */ = {
			isa = PBXGroup;
			children = (
				B40AFB1F2887990000249820 /* CustomUIFont.swift */,
				B40AFB232887BD3600249820 /* CustomUIColor.swift */,
				B40AFB2A288861A300249820 /* Extensions.swift */,
			);
			path = Common;
			sourceTree = "<group>";
		};
		B40AFB25288813F500249820 /* Signup */ = {
			isa = PBXGroup;
			children = (
				B40AFB262888142100249820 /* SignupViewController.swift */,
				B40AFB282888143C00249820 /* SignupViewController+Extension.swift */,
			);
			path = Signup;
			sourceTree = "<group>";
		};
		B40AFB302889AB1C00249820 /* Frameworks */ = {
			isa = PBXGroup;
			children = (
				B40AFB312889AB1C00249820 /* AudioToolbox.framework */,
				48853A80EF7AD9413CD9484E /* Pods_Decafit.framework */,
				F5A45F2515A01D1403BDB39F /* Pods_Decafit_DecafitUITests.framework */,
				0834CB1C9C2E67D6107EFC02 /* Pods_DecafitTests.framework */,
			);
			name = Frameworks;
			sourceTree = "<group>";
		};
		B40AFB36288ACB4F00249820 /* CustomViews */ = {
			isa = PBXGroup;
			children = (
				B40AFB37288ACE1D00249820 /* DecaTextField.swift */,
				B40AFB39288ACE3F00249820 /* DecaButton.swift */,
				B4AB95B4288E932F00FE9C96 /* DecaStack.swift */,
				B4AB95B6288E934E00FE9C96 /* DecaLabel.swift */,
				B4AB95B8288EB0F600FE9C96 /* DecaImageView.swift */,
			);
			path = CustomViews;
			sourceTree = "<group>";
		};
		B47B5B06287C147000EEC900 = {
			isa = PBXGroup;
			children = (
				B47B5B11287C147000EEC900 /* Decafit */,
				B47B5B28287C147300EEC900 /* DecafitTests */,
				B47B5B33287C147300EEC900 /* DecafitUITests */,
				B47B5B10287C147000EEC900 /* Products */,
				B40AFB302889AB1C00249820 /* Frameworks */,
				71DF92A12D10BA8E43157B2E /* Pods */,
			);
			sourceTree = "<group>";
		};
		B47B5B10287C147000EEC900 /* Products */ = {
			isa = PBXGroup;
			children = (
				B47B5B0F287C147000EEC900 /* Decafit.app */,
				B47B5B25287C147300EEC900 /* DecafitTests.xctest */,
				B47B5B30287C147300EEC900 /* DecafitUITests.xctest */,
			);
			name = Products;
			sourceTree = "<group>";
		};
		B47B5B11287C147000EEC900 /* Decafit */ = {
			isa = PBXGroup;
			children = (
				B40AFB36288ACB4F00249820 /* CustomViews */,
				B40AFB1E288798E200249820 /* Common */,
				B48A59042886D4AD004D1BEA /* Resources */,
				B48A59032886D492004D1BEA /* Storyboards */,
				B48A59022886D48A004D1BEA /* Delegates */,
				B48A59012886D481004D1BEA /* Controller */,
				B48A59002886D470004D1BEA /* Manager */,
				B47B5B20287C147300EEC900 /* Info.plist */,
			);
			path = Decafit;
			sourceTree = "<group>";
		};
		B47B5B28287C147300EEC900 /* DecafitTests */ = {
			isa = PBXGroup;
			children = (
				B47B5B29287C147300EEC900 /* DecafitTests.swift */,
				B47B5B2B287C147300EEC900 /* Info.plist */,
			);
			path = DecafitTests;
			sourceTree = "<group>";
		};
		B47B5B33287C147300EEC900 /* DecafitUITests */ = {
			isa = PBXGroup;
			children = (
				B47B5B34287C147300EEC900 /* DecafitUITests.swift */,
				B47B5B36287C147300EEC900 /* Info.plist */,
			);
			path = DecafitUITests;
			sourceTree = "<group>";
		};
		B48A59002886D470004D1BEA /* Manager */ = {
			isa = PBXGroup;
			children = (
				B48A59072886D583004D1BEA /* AuthManager.swift */,
			);
			path = Manager;
			sourceTree = "<group>";
		};
		B48A59012886D481004D1BEA /* Controller */ = {
			isa = PBXGroup;
			children = (
				B4AB95C82891A8C400FE9C96 /* Dashboard */,
				B40AFB25288813F500249820 /* Signup */,
				B40AFAC828878CD700249820 /* Login */,
			);
			path = Controller;
			sourceTree = "<group>";
		};
		B48A59022886D48A004D1BEA /* Delegates */ = {
			isa = PBXGroup;
			children = (
				B47B5B12287C147000EEC900 /* AppDelegate.swift */,
				B47B5B14287C147000EEC900 /* SceneDelegate.swift */,
			);
			path = Delegates;
			sourceTree = "<group>";
		};
		B48A59032886D492004D1BEA /* Storyboards */ = {
			isa = PBXGroup;
			children = (
				B47B5B1D287C147300EEC900 /* LaunchScreen.storyboard */,
			);
			path = Storyboards;
			sourceTree = "<group>";
		};
		B48A59042886D4AD004D1BEA /* Resources */ = {
			isa = PBXGroup;
			children = (
				B40AFACB2887970700249820 /* Fonts */,
				B47B5B1B287C147300EEC900 /* Assets.xcassets */,
			);
			path = Resources;
			sourceTree = "<group>";
		};
		B4AB95C82891A8C400FE9C96 /* Dashboard */ = {
			isa = PBXGroup;
			children = (
				B47B5B16287C147000EEC900 /* HomeViewController.swift */,
				B4AB95C02891A70C00FE9C96 /* TabBarController.swift */,
				B4AB95C22891A85600FE9C96 /* WindowsViewController.swift */,
				B4AB95C42891A87100FE9C96 /* CalenderViewController.swift */,
				B4AB95C62891A88300FE9C96 /* SearchViewController.swift */,
				B4AB95C92891A92F00FE9C96 /* LogsViewController.swift */,
			);
			path = Dashboard;
			sourceTree = "<group>";
		};
/* End PBXGroup section */

/* Begin PBXNativeTarget section */
		B47B5B0E287C147000EEC900 /* Decafit */ = {
			isa = PBXNativeTarget;
			buildConfigurationList = B47B5B39287C147300EEC900 /* Build configuration list for PBXNativeTarget "Decafit" */;
			buildPhases = (
				021FFC32A5965D03C74C850E /* [CP] Check Pods Manifest.lock */,
				B47B5B0B287C147000EEC900 /* Sources */,
				B47B5B0C287C147000EEC900 /* Frameworks */,
				B47B5B0D287C147000EEC900 /* Resources */,
				B40AFB35288AC77300249820 /* ShellScript */,
			);
			buildRules = (
			);
			dependencies = (
			);
			name = Decafit;
			productName = Decafit;
			productReference = B47B5B0F287C147000EEC900 /* Decafit.app */;
			productType = "com.apple.product-type.application";
		};
		B47B5B24287C147300EEC900 /* DecafitTests */ = {
			isa = PBXNativeTarget;
			buildConfigurationList = B47B5B3C287C147300EEC900 /* Build configuration list for PBXNativeTarget "DecafitTests" */;
			buildPhases = (
				6E0FA6C6983B449678D3987C /* [CP] Check Pods Manifest.lock */,
				B47B5B21287C147300EEC900 /* Sources */,
				B47B5B22287C147300EEC900 /* Frameworks */,
				B47B5B23287C147300EEC900 /* Resources */,
			);
			buildRules = (
			);
			dependencies = (
				B47B5B27287C147300EEC900 /* PBXTargetDependency */,
			);
			name = DecafitTests;
			productName = DecafitTests;
			productReference = B47B5B25287C147300EEC900 /* DecafitTests.xctest */;
			productType = "com.apple.product-type.bundle.unit-test";
		};
		B47B5B2F287C147300EEC900 /* DecafitUITests */ = {
			isa = PBXNativeTarget;
			buildConfigurationList = B47B5B3F287C147300EEC900 /* Build configuration list for PBXNativeTarget "DecafitUITests" */;
			buildPhases = (
				B9FEB3C0B65013E93BE9E646 /* [CP] Check Pods Manifest.lock */,
				B47B5B2C287C147300EEC900 /* Sources */,
				B47B5B2D287C147300EEC900 /* Frameworks */,
				B47B5B2E287C147300EEC900 /* Resources */,
			);
			buildRules = (
			);
			dependencies = (
				B47B5B32287C147300EEC900 /* PBXTargetDependency */,
			);
			name = DecafitUITests;
			productName = DecafitUITests;
			productReference = B47B5B30287C147300EEC900 /* DecafitUITests.xctest */;
			productType = "com.apple.product-type.bundle.ui-testing";
		};
/* End PBXNativeTarget section */

/* Begin PBXProject section */
		B47B5B07287C147000EEC900 /* Project object */ = {
			isa = PBXProject;
			attributes = {
				LastSwiftUpdateCheck = 1250;
				LastUpgradeCheck = 1250;
				TargetAttributes = {
					B47B5B0E287C147000EEC900 = {
						CreatedOnToolsVersion = 12.5.1;
					};
					B47B5B24287C147300EEC900 = {
						CreatedOnToolsVersion = 12.5.1;
						TestTargetID = B47B5B0E287C147000EEC900;
					};
					B47B5B2F287C147300EEC900 = {
						CreatedOnToolsVersion = 12.5.1;
						TestTargetID = B47B5B0E287C147000EEC900;
					};
				};
			};
			buildConfigurationList = B47B5B0A287C147000EEC900 /* Build configuration list for PBXProject "Decafit" */;
			compatibilityVersion = "Xcode 9.3";
			developmentRegion = en;
			hasScannedForEncodings = 0;
			knownRegions = (
				en,
				Base,
			);
			mainGroup = B47B5B06287C147000EEC900;
			productRefGroup = B47B5B10287C147000EEC900 /* Products */;
			projectDirPath = "";
			projectRoot = "";
			targets = (
				B47B5B0E287C147000EEC900 /* Decafit */,
				B47B5B24287C147300EEC900 /* DecafitTests */,
				B47B5B2F287C147300EEC900 /* DecafitUITests */,
			);
		};
/* End PBXProject section */

/* Begin PBXResourcesBuildPhase section */
		B47B5B0D287C147000EEC900 /* Resources */ = {
			isa = PBXResourcesBuildPhase;
			buildActionMask = 2147483647;
			files = (
				B40AFB172887983C00249820 /* Ubuntu-Regular.ttf in Resources */,
				B40AFAE42887974200249820 /* Poppins-Light.ttf in Resources */,
				B40AFAEE2887974200249820 /* Poppins-Black.ttf in Resources */,
				B40AFB1C2887983C00249820 /* Ubuntu-Light.ttf in Resources */,
				B40AFB1B2887983C00249820 /* Ubuntu-Italic.ttf in Resources */,
				B40AFAEC2887974200249820 /* Poppins-LightItalic.ttf in Resources */,
				B40AFB1D2887983C00249820 /* UFL.txt in Resources */,
				B40AFB192887983C00249820 /* Ubuntu-MediumItalic.ttf in Resources */,
				B40AFAEF2887974200249820 /* Poppins-Thin.ttf in Resources */,
				B40AFB162887983C00249820 /* Ubuntu-LightItalic.ttf in Resources */,
				B40AFAE02887974200249820 /* Poppins-ExtraLight.ttf in Resources */,
				B40AFAF02887974200249820 /* Poppins-SemiBold.ttf in Resources */,
				B40AFAED2887974200249820 /* Poppins-Bold.ttf in Resources */,
				B40AFAE12887974200249820 /* Poppins-ThinItalic.ttf in Resources */,
				B40AFB182887983C00249820 /* Ubuntu-Bold.ttf in Resources */,
				B40AFAE22887974200249820 /* Poppins-ExtraLightItalic.ttf in Resources */,
				B40AFAE92887974200249820 /* Poppins-BlackItalic.ttf in Resources */,
				B40AFB152887983C00249820 /* Ubuntu-Medium.ttf in Resources */,
				B40AFAE72887974200249820 /* Poppins-ExtraBoldItalic.ttf in Resources */,
				B40AFAE32887974200249820 /* Poppins-BoldItalic.ttf in Resources */,
				B40AFAE62887974200249820 /* Poppins-SemiBoldItalic.ttf in Resources */,
				B40AFAEA2887974200249820 /* OFL.txt in Resources */,
				B40AFAEB2887974200249820 /* Poppins-Regular.ttf in Resources */,
				B40AFB1A2887983C00249820 /* Ubuntu-BoldItalic.ttf in Resources */,
				B40AFAE82887974200249820 /* Poppins-ExtraBold.ttf in Resources */,
				B40AFAE52887974200249820 /* Poppins-Medium.ttf in Resources */,
				B47B5B1F287C147300EEC900 /* LaunchScreen.storyboard in Resources */,
				B40AFAF12887974200249820 /* Poppins-Italic.ttf in Resources */,
				B40AFAF22887974200249820 /* Poppins-MediumItalic.ttf in Resources */,
				B47B5B1C287C147300EEC900 /* Assets.xcassets in Resources */,
			);
			runOnlyForDeploymentPostprocessing = 0;
		};
		B47B5B23287C147300EEC900 /* Resources */ = {
			isa = PBXResourcesBuildPhase;
			buildActionMask = 2147483647;
			files = (
			);
			runOnlyForDeploymentPostprocessing = 0;
		};
		B47B5B2E287C147300EEC900 /* Resources */ = {
			isa = PBXResourcesBuildPhase;
			buildActionMask = 2147483647;
			files = (
			);
			runOnlyForDeploymentPostprocessing = 0;
		};
/* End PBXResourcesBuildPhase section */

/* Begin PBXShellScriptBuildPhase section */
		021FFC32A5965D03C74C850E /* [CP] Check Pods Manifest.lock */ = {
			isa = PBXShellScriptBuildPhase;
			buildActionMask = 2147483647;
			files = (
			);
			inputFileListPaths = (
			);
			inputPaths = (
				"${PODS_PODFILE_DIR_PATH}/Podfile.lock",
				"${PODS_ROOT}/Manifest.lock",
			);
			name = "[CP] Check Pods Manifest.lock";
			outputFileListPaths = (
			);
			outputPaths = (
				"$(DERIVED_FILE_DIR)/Pods-Decafit-checkManifestLockResult.txt",
			);
			runOnlyForDeploymentPostprocessing = 0;
			shellPath = /bin/sh;
			shellScript = "diff \"${PODS_PODFILE_DIR_PATH}/Podfile.lock\" \"${PODS_ROOT}/Manifest.lock\" > /dev/null\nif [ $? != 0 ] ; then\n    # print error to STDERR\n    echo \"error: The sandbox is not in sync with the Podfile.lock. Run 'pod install' or update your CocoaPods installation.\" >&2\n    exit 1\nfi\n# This output is used by Xcode 'outputs' to avoid re-running this script phase.\necho \"SUCCESS\" > \"${SCRIPT_OUTPUT_FILE_0}\"\n";
			showEnvVarsInLog = 0;
		};
		6E0FA6C6983B449678D3987C /* [CP] Check Pods Manifest.lock */ = {
			isa = PBXShellScriptBuildPhase;
			buildActionMask = 2147483647;
			files = (
			);
			inputFileListPaths = (
			);
			inputPaths = (
				"${PODS_PODFILE_DIR_PATH}/Podfile.lock",
				"${PODS_ROOT}/Manifest.lock",
			);
			name = "[CP] Check Pods Manifest.lock";
			outputFileListPaths = (
			);
			outputPaths = (
				"$(DERIVED_FILE_DIR)/Pods-DecafitTests-checkManifestLockResult.txt",
			);
			runOnlyForDeploymentPostprocessing = 0;
			shellPath = /bin/sh;
			shellScript = "diff \"${PODS_PODFILE_DIR_PATH}/Podfile.lock\" \"${PODS_ROOT}/Manifest.lock\" > /dev/null\nif [ $? != 0 ] ; then\n    # print error to STDERR\n    echo \"error: The sandbox is not in sync with the Podfile.lock. Run 'pod install' or update your CocoaPods installation.\" >&2\n    exit 1\nfi\n# This output is used by Xcode 'outputs' to avoid re-running this script phase.\necho \"SUCCESS\" > \"${SCRIPT_OUTPUT_FILE_0}\"\n";
			showEnvVarsInLog = 0;
		};
		B40AFB35288AC77300249820 /* ShellScript */ = {
			isa = PBXShellScriptBuildPhase;
			buildActionMask = 2147483647;
			files = (
			);
			inputFileListPaths = (
			);
			inputPaths = (
			);
			outputFileListPaths = (
			);
			outputPaths = (
			);
			runOnlyForDeploymentPostprocessing = 0;
			shellPath = /bin/sh;
			shellScript = "if which swiftlint > /dev/null; then\n  swiftlint\nelse\n  echo \"warning: SwiftLint not installed, download from https://github.com/realm/SwiftLint\"\nfi\n";
		};
		B9FEB3C0B65013E93BE9E646 /* [CP] Check Pods Manifest.lock */ = {
			isa = PBXShellScriptBuildPhase;
			buildActionMask = 2147483647;
			files = (
			);
			inputFileListPaths = (
			);
			inputPaths = (
				"${PODS_PODFILE_DIR_PATH}/Podfile.lock",
				"${PODS_ROOT}/Manifest.lock",
			);
			name = "[CP] Check Pods Manifest.lock";
			outputFileListPaths = (
			);
			outputPaths = (
				"$(DERIVED_FILE_DIR)/Pods-Decafit-DecafitUITests-checkManifestLockResult.txt",
			);
			runOnlyForDeploymentPostprocessing = 0;
			shellPath = /bin/sh;
			shellScript = "diff \"${PODS_PODFILE_DIR_PATH}/Podfile.lock\" \"${PODS_ROOT}/Manifest.lock\" > /dev/null\nif [ $? != 0 ] ; then\n    # print error to STDERR\n    echo \"error: The sandbox is not in sync with the Podfile.lock. Run 'pod install' or update your CocoaPods installation.\" >&2\n    exit 1\nfi\n# This output is used by Xcode 'outputs' to avoid re-running this script phase.\necho \"SUCCESS\" > \"${SCRIPT_OUTPUT_FILE_0}\"\n";
			showEnvVarsInLog = 0;
		};
/* End PBXShellScriptBuildPhase section */

/* Begin PBXSourcesBuildPhase section */
		B47B5B0B287C147000EEC900 /* Sources */ = {
			isa = PBXSourcesBuildPhase;
			buildActionMask = 2147483647;
			files = (
				B4AB95B5288E932F00FE9C96 /* DecaStack.swift in Sources */,
				B4AB95C52891A87100FE9C96 /* CalenderViewController.swift in Sources */,
				B40AFB242887BD3600249820 /* CustomUIColor.swift in Sources */,
				B40AFB292888143C00249820 /* SignupViewController+Extension.swift in Sources */,
				B48A590A2886D684004D1BEA /* LoginViewController.swift in Sources */,
				B40AFB272888142100249820 /* SignupViewController.swift in Sources */,
				B40AFB222887A2FA00249820 /* LoginViewController+Extension.swift in Sources */,
				B4AB95C12891A70C00FE9C96 /* TabBarController.swift in Sources */,
				B4AB95B7288E934E00FE9C96 /* DecaLabel.swift in Sources */,
				B47B5B17287C147000EEC900 /* HomeViewController.swift in Sources */,
				B4AB95C72891A88300FE9C96 /* SearchViewController.swift in Sources */,
				B4AB95CA2891A92F00FE9C96 /* LogsViewController.swift in Sources */,
				B40AFB2B288861A300249820 /* Extensions.swift in Sources */,
				B4AB95C32891A85600FE9C96 /* WindowsViewController.swift in Sources */,
				B4AB95B9288EB0F600FE9C96 /* DecaImageView.swift in Sources */,
				B40AFB3A288ACE3F00249820 /* DecaButton.swift in Sources */,
				B40AFB38288ACE1D00249820 /* DecaTextField.swift in Sources */,
				B47B5B13287C147000EEC900 /* AppDelegate.swift in Sources */,
				B47B5B15287C147000EEC900 /* SceneDelegate.swift in Sources */,
				B40AFB202887990000249820 /* CustomUIFont.swift in Sources */,
				B48A59082886D583004D1BEA /* AuthManager.swift in Sources */,
			);
			runOnlyForDeploymentPostprocessing = 0;
		};
		B47B5B21287C147300EEC900 /* Sources */ = {
			isa = PBXSourcesBuildPhase;
			buildActionMask = 2147483647;
			files = (
				B47B5B2A287C147300EEC900 /* DecafitTests.swift in Sources */,
			);
			runOnlyForDeploymentPostprocessing = 0;
		};
		B47B5B2C287C147300EEC900 /* Sources */ = {
			isa = PBXSourcesBuildPhase;
			buildActionMask = 2147483647;
			files = (
				B47B5B35287C147300EEC900 /* DecafitUITests.swift in Sources */,
			);
			runOnlyForDeploymentPostprocessing = 0;
		};
/* End PBXSourcesBuildPhase section */

/* Begin PBXTargetDependency section */
		B47B5B27287C147300EEC900 /* PBXTargetDependency */ = {
			isa = PBXTargetDependency;
			target = B47B5B0E287C147000EEC900 /* Decafit */;
			targetProxy = B47B5B26287C147300EEC900 /* PBXContainerItemProxy */;
		};
		B47B5B32287C147300EEC900 /* PBXTargetDependency */ = {
			isa = PBXTargetDependency;
			target = B47B5B0E287C147000EEC900 /* Decafit */;
			targetProxy = B47B5B31287C147300EEC900 /* PBXContainerItemProxy */;
		};
/* End PBXTargetDependency section */

/* Begin PBXVariantGroup section */
		B47B5B1D287C147300EEC900 /* LaunchScreen.storyboard */ = {
			isa = PBXVariantGroup;
			children = (
				B47B5B1E287C147300EEC900 /* Base */,
			);
			name = LaunchScreen.storyboard;
			sourceTree = "<group>";
		};
/* End PBXVariantGroup section */

/* Begin XCBuildConfiguration section */
		B47B5B37287C147300EEC900 /* Debug */ = {
			isa = XCBuildConfiguration;
			buildSettings = {
				ALWAYS_SEARCH_USER_PATHS = NO;
				CLANG_ANALYZER_NONNULL = YES;
				CLANG_ANALYZER_NUMBER_OBJECT_CONVERSION = YES_AGGRESSIVE;
				CLANG_CXX_LANGUAGE_STANDARD = "gnu++14";
				CLANG_CXX_LIBRARY = "libc++";
				CLANG_ENABLE_MODULES = YES;
				CLANG_ENABLE_OBJC_ARC = YES;
				CLANG_ENABLE_OBJC_WEAK = YES;
				CLANG_WARN_BLOCK_CAPTURE_AUTORELEASING = YES;
				CLANG_WARN_BOOL_CONVERSION = YES;
				CLANG_WARN_COMMA = YES;
				CLANG_WARN_CONSTANT_CONVERSION = YES;
				CLANG_WARN_DEPRECATED_OBJC_IMPLEMENTATIONS = YES;
				CLANG_WARN_DIRECT_OBJC_ISA_USAGE = YES_ERROR;
				CLANG_WARN_DOCUMENTATION_COMMENTS = YES;
				CLANG_WARN_EMPTY_BODY = YES;
				CLANG_WARN_ENUM_CONVERSION = YES;
				CLANG_WARN_INFINITE_RECURSION = YES;
				CLANG_WARN_INT_CONVERSION = YES;
				CLANG_WARN_NON_LITERAL_NULL_CONVERSION = YES;
				CLANG_WARN_OBJC_IMPLICIT_RETAIN_SELF = YES;
				CLANG_WARN_OBJC_LITERAL_CONVERSION = YES;
				CLANG_WARN_OBJC_ROOT_CLASS = YES_ERROR;
				CLANG_WARN_QUOTED_INCLUDE_IN_FRAMEWORK_HEADER = YES;
				CLANG_WARN_RANGE_LOOP_ANALYSIS = YES;
				CLANG_WARN_STRICT_PROTOTYPES = YES;
				CLANG_WARN_SUSPICIOUS_MOVE = YES;
				CLANG_WARN_UNGUARDED_AVAILABILITY = YES_AGGRESSIVE;
				CLANG_WARN_UNREACHABLE_CODE = YES;
				CLANG_WARN__DUPLICATE_METHOD_MATCH = YES;
				COPY_PHASE_STRIP = NO;
				DEBUG_INFORMATION_FORMAT = dwarf;
				ENABLE_STRICT_OBJC_MSGSEND = YES;
				ENABLE_TESTABILITY = YES;
				GCC_C_LANGUAGE_STANDARD = gnu11;
				GCC_DYNAMIC_NO_PIC = NO;
				GCC_NO_COMMON_BLOCKS = YES;
				GCC_OPTIMIZATION_LEVEL = 0;
				GCC_PREPROCESSOR_DEFINITIONS = (
					"DEBUG=1",
					"$(inherited)",
				);
				GCC_WARN_64_TO_32_BIT_CONVERSION = YES;
				GCC_WARN_ABOUT_RETURN_TYPE = YES_ERROR;
				GCC_WARN_UNDECLARED_SELECTOR = YES;
				GCC_WARN_UNINITIALIZED_AUTOS = YES_AGGRESSIVE;
				GCC_WARN_UNUSED_FUNCTION = YES;
				GCC_WARN_UNUSED_VARIABLE = YES;
				IPHONEOS_DEPLOYMENT_TARGET = 14.5;
				MTL_ENABLE_DEBUG_INFO = INCLUDE_SOURCE;
				MTL_FAST_MATH = YES;
				ONLY_ACTIVE_ARCH = YES;
				SDKROOT = iphoneos;
				SWIFT_ACTIVE_COMPILATION_CONDITIONS = DEBUG;
				SWIFT_OPTIMIZATION_LEVEL = "-Onone";
			};
			name = Debug;
		};
		B47B5B38287C147300EEC900 /* Release */ = {
			isa = XCBuildConfiguration;
			buildSettings = {
				ALWAYS_SEARCH_USER_PATHS = NO;
				CLANG_ANALYZER_NONNULL = YES;
				CLANG_ANALYZER_NUMBER_OBJECT_CONVERSION = YES_AGGRESSIVE;
				CLANG_CXX_LANGUAGE_STANDARD = "gnu++14";
				CLANG_CXX_LIBRARY = "libc++";
				CLANG_ENABLE_MODULES = YES;
				CLANG_ENABLE_OBJC_ARC = YES;
				CLANG_ENABLE_OBJC_WEAK = YES;
				CLANG_WARN_BLOCK_CAPTURE_AUTORELEASING = YES;
				CLANG_WARN_BOOL_CONVERSION = YES;
				CLANG_WARN_COMMA = YES;
				CLANG_WARN_CONSTANT_CONVERSION = YES;
				CLANG_WARN_DEPRECATED_OBJC_IMPLEMENTATIONS = YES;
				CLANG_WARN_DIRECT_OBJC_ISA_USAGE = YES_ERROR;
				CLANG_WARN_DOCUMENTATION_COMMENTS = YES;
				CLANG_WARN_EMPTY_BODY = YES;
				CLANG_WARN_ENUM_CONVERSION = YES;
				CLANG_WARN_INFINITE_RECURSION = YES;
				CLANG_WARN_INT_CONVERSION = YES;
				CLANG_WARN_NON_LITERAL_NULL_CONVERSION = YES;
				CLANG_WARN_OBJC_IMPLICIT_RETAIN_SELF = YES;
				CLANG_WARN_OBJC_LITERAL_CONVERSION = YES;
				CLANG_WARN_OBJC_ROOT_CLASS = YES_ERROR;
				CLANG_WARN_QUOTED_INCLUDE_IN_FRAMEWORK_HEADER = YES;
				CLANG_WARN_RANGE_LOOP_ANALYSIS = YES;
				CLANG_WARN_STRICT_PROTOTYPES = YES;
				CLANG_WARN_SUSPICIOUS_MOVE = YES;
				CLANG_WARN_UNGUARDED_AVAILABILITY = YES_AGGRESSIVE;
				CLANG_WARN_UNREACHABLE_CODE = YES;
				CLANG_WARN__DUPLICATE_METHOD_MATCH = YES;
				COPY_PHASE_STRIP = NO;
				DEBUG_INFORMATION_FORMAT = "dwarf-with-dsym";
				ENABLE_NS_ASSERTIONS = NO;
				ENABLE_STRICT_OBJC_MSGSEND = YES;
				GCC_C_LANGUAGE_STANDARD = gnu11;
				GCC_NO_COMMON_BLOCKS = YES;
				GCC_WARN_64_TO_32_BIT_CONVERSION = YES;
				GCC_WARN_ABOUT_RETURN_TYPE = YES_ERROR;
				GCC_WARN_UNDECLARED_SELECTOR = YES;
				GCC_WARN_UNINITIALIZED_AUTOS = YES_AGGRESSIVE;
				GCC_WARN_UNUSED_FUNCTION = YES;
				GCC_WARN_UNUSED_VARIABLE = YES;
				IPHONEOS_DEPLOYMENT_TARGET = 14.5;
				MTL_ENABLE_DEBUG_INFO = NO;
				MTL_FAST_MATH = YES;
				SDKROOT = iphoneos;
				SWIFT_COMPILATION_MODE = wholemodule;
				SWIFT_OPTIMIZATION_LEVEL = "-O";
				VALIDATE_PRODUCT = YES;
			};
			name = Release;
		};
		B47B5B3A287C147300EEC900 /* Debug */ = {
			isa = XCBuildConfiguration;
			baseConfigurationReference = 3E725D2D26D9A221628F8E76 /* Pods-Decafit.debug.xcconfig */;
			buildSettings = {
				ASSETCATALOG_COMPILER_APPICON_NAME = AppIcon;
				ASSETCATALOG_COMPILER_GLOBAL_ACCENT_COLOR_NAME = AccentColor;
				CODE_SIGN_ENTITLEMENTS = Decafit/Decafit.entitlements;
				CODE_SIGN_IDENTITY = "Apple Development";
				CODE_SIGN_STYLE = Automatic;
				DEVELOPMENT_TEAM = K5US6PZPYZ;
				INFOPLIST_FILE = Decafit/Info.plist;
				LD_RUNPATH_SEARCH_PATHS = (
					"$(inherited)",
					"@executable_path/Frameworks",
				);
				PRODUCT_BUNDLE_IDENTIFIER = com.ucwealth.Decafit;
				PRODUCT_NAME = "$(TARGET_NAME)";
				PROVISIONING_PROFILE_SPECIFIER = "";
				SWIFT_VERSION = 5.0;
				TARGETED_DEVICE_FAMILY = "1,2";
			};
			name = Debug;
		};
		B47B5B3B287C147300EEC900 /* Release */ = {
			isa = XCBuildConfiguration;
			baseConfigurationReference = 383967186BA0F75FB298D45B /* Pods-Decafit.release.xcconfig */;
			buildSettings = {
				ASSETCATALOG_COMPILER_APPICON_NAME = AppIcon;
				ASSETCATALOG_COMPILER_GLOBAL_ACCENT_COLOR_NAME = AccentColor;
				CODE_SIGN_ENTITLEMENTS = Decafit/Decafit.entitlements;
				CODE_SIGN_IDENTITY = "Apple Development";
				CODE_SIGN_STYLE = Automatic;
				DEVELOPMENT_TEAM = K5US6PZPYZ;
				INFOPLIST_FILE = Decafit/Info.plist;
				LD_RUNPATH_SEARCH_PATHS = (
					"$(inherited)",
					"@executable_path/Frameworks",
				);
				PRODUCT_BUNDLE_IDENTIFIER = com.ucwealth.Decafit;
				PRODUCT_NAME = "$(TARGET_NAME)";
				PROVISIONING_PROFILE_SPECIFIER = "";
				SWIFT_VERSION = 5.0;
				TARGETED_DEVICE_FAMILY = "1,2";
			};
			name = Release;
		};
		B47B5B3D287C147300EEC900 /* Debug */ = {
			isa = XCBuildConfiguration;
			baseConfigurationReference = 58EA5AC3021255C4F91480EA /* Pods-DecafitTests.debug.xcconfig */;
			buildSettings = {
				ALWAYS_EMBED_SWIFT_STANDARD_LIBRARIES = YES;
				BUNDLE_LOADER = "$(TEST_HOST)";
				CODE_SIGN_STYLE = Automatic;
				DEVELOPMENT_TEAM = 6MQ6RYJ3C2;
				INFOPLIST_FILE = DecafitTests/Info.plist;
				IPHONEOS_DEPLOYMENT_TARGET = 14.5;
				LD_RUNPATH_SEARCH_PATHS = (
					"$(inherited)",
					"@executable_path/Frameworks",
					"@loader_path/Frameworks",
				);
				PRODUCT_BUNDLE_IDENTIFIER = com.ucwealth.DecafitTests;
				PRODUCT_NAME = "$(TARGET_NAME)";
				SWIFT_VERSION = 5.0;
				TARGETED_DEVICE_FAMILY = "1,2";
				TEST_HOST = "$(BUILT_PRODUCTS_DIR)/Decafit.app/Decafit";
			};
			name = Debug;
		};
		B47B5B3E287C147300EEC900 /* Release */ = {
			isa = XCBuildConfiguration;
			baseConfigurationReference = B009CDFF4FF56B73D8484BAE /* Pods-DecafitTests.release.xcconfig */;
			buildSettings = {
				ALWAYS_EMBED_SWIFT_STANDARD_LIBRARIES = YES;
				BUNDLE_LOADER = "$(TEST_HOST)";
				CODE_SIGN_STYLE = Automatic;
				DEVELOPMENT_TEAM = 6MQ6RYJ3C2;
				INFOPLIST_FILE = DecafitTests/Info.plist;
				IPHONEOS_DEPLOYMENT_TARGET = 14.5;
				LD_RUNPATH_SEARCH_PATHS = (
					"$(inherited)",
					"@executable_path/Frameworks",
					"@loader_path/Frameworks",
				);
				PRODUCT_BUNDLE_IDENTIFIER = com.ucwealth.DecafitTests;
				PRODUCT_NAME = "$(TARGET_NAME)";
				SWIFT_VERSION = 5.0;
				TARGETED_DEVICE_FAMILY = "1,2";
				TEST_HOST = "$(BUILT_PRODUCTS_DIR)/Decafit.app/Decafit";
			};
			name = Release;
		};
		B47B5B40287C147300EEC900 /* Debug */ = {
			isa = XCBuildConfiguration;
			baseConfigurationReference = E09F5AB25E31C6DF910AF630 /* Pods-Decafit-DecafitUITests.debug.xcconfig */;
			buildSettings = {
				ALWAYS_EMBED_SWIFT_STANDARD_LIBRARIES = YES;
				CODE_SIGN_STYLE = Automatic;
				DEVELOPMENT_TEAM = 6MQ6RYJ3C2;
				INFOPLIST_FILE = DecafitUITests/Info.plist;
				LD_RUNPATH_SEARCH_PATHS = (
					"$(inherited)",
					"@executable_path/Frameworks",
					"@loader_path/Frameworks",
				);
				PRODUCT_BUNDLE_IDENTIFIER = com.ucwealth.DecafitUITests;
				PRODUCT_NAME = "$(TARGET_NAME)";
				SWIFT_VERSION = 5.0;
				TARGETED_DEVICE_FAMILY = "1,2";
				TEST_TARGET_NAME = Decafit;
			};
			name = Debug;
		};
		B47B5B41287C147300EEC900 /* Release */ = {
			isa = XCBuildConfiguration;
			baseConfigurationReference = 082D8533D4AEC9F1714D2BD8 /* Pods-Decafit-DecafitUITests.release.xcconfig */;
			buildSettings = {
				ALWAYS_EMBED_SWIFT_STANDARD_LIBRARIES = YES;
				CODE_SIGN_STYLE = Automatic;
				DEVELOPMENT_TEAM = 6MQ6RYJ3C2;
				INFOPLIST_FILE = DecafitUITests/Info.plist;
				LD_RUNPATH_SEARCH_PATHS = (
					"$(inherited)",
					"@executable_path/Frameworks",
					"@loader_path/Frameworks",
				);
				PRODUCT_BUNDLE_IDENTIFIER = com.ucwealth.DecafitUITests;
				PRODUCT_NAME = "$(TARGET_NAME)";
				SWIFT_VERSION = 5.0;
				TARGETED_DEVICE_FAMILY = "1,2";
				TEST_TARGET_NAME = Decafit;
			};
			name = Release;
		};
/* End XCBuildConfiguration section */

/* Begin XCConfigurationList section */
		B47B5B0A287C147000EEC900 /* Build configuration list for PBXProject "Decafit" */ = {
			isa = XCConfigurationList;
			buildConfigurations = (
				B47B5B37287C147300EEC900 /* Debug */,
				B47B5B38287C147300EEC900 /* Release */,
			);
			defaultConfigurationIsVisible = 0;
			defaultConfigurationName = Release;
		};
		B47B5B39287C147300EEC900 /* Build configuration list for PBXNativeTarget "Decafit" */ = {
			isa = XCConfigurationList;
			buildConfigurations = (
				B47B5B3A287C147300EEC900 /* Debug */,
				B47B5B3B287C147300EEC900 /* Release */,
			);
			defaultConfigurationIsVisible = 0;
			defaultConfigurationName = Release;
		};
		B47B5B3C287C147300EEC900 /* Build configuration list for PBXNativeTarget "DecafitTests" */ = {
			isa = XCConfigurationList;
			buildConfigurations = (
				B47B5B3D287C147300EEC900 /* Debug */,
				B47B5B3E287C147300EEC900 /* Release */,
			);
			defaultConfigurationIsVisible = 0;
			defaultConfigurationName = Release;
		};
		B47B5B3F287C147300EEC900 /* Build configuration list for PBXNativeTarget "DecafitUITests" */ = {
			isa = XCConfigurationList;
			buildConfigurations = (
				B47B5B40287C147300EEC900 /* Debug */,
				B47B5B41287C147300EEC900 /* Release */,
			);
			defaultConfigurationIsVisible = 0;
			defaultConfigurationName = Release;
		};
/* End XCConfigurationList section */
	};
	rootObject = B47B5B07287C147000EEC900 /* Project object */;
}
